// !$*UTF8*$!
{
	archiveVersion = 1;
	classes = {
	};
	objectVersion = 60;
	objects = {

/* Begin PBXBuildFile section */
		000000000000000000000001 /* ILSAppApp.swift in Sources */ = {isa = PBXBuildFile; fileRef = 000000000000000000000011 /* ILSAppApp.swift */; };
		000000000000000000000003 /* Assets.xcassets in Resources */ = {isa = PBXBuildFile; fileRef = 000000000000000000000013 /* Assets.xcassets */; };
		000000000000000000000020 /* ILSTheme.swift in Sources */ = {isa = PBXBuildFile; fileRef = 000000000000000000000030 /* ILSTheme.swift */; };
		000000000000000000000021 /* APIClient.swift in Sources */ = {isa = PBXBuildFile; fileRef = 000000000000000000000031 /* APIClient.swift */; };
		000000000000000000000022 /* SSEClient.swift in Sources */ = {isa = PBXBuildFile; fileRef = 000000000000000000000032 /* SSEClient.swift */; };
		000000000000000000000048 /* KeychainService.swift in Sources */ = {isa = PBXBuildFile; fileRef = 000000000000000000000058 /* KeychainService.swift */; };
		000000000000000000000023 /* SidebarView.swift in Sources */ = {isa = PBXBuildFile; fileRef = 000000000000000000000033 /* SidebarView.swift */; };
		000000000000000000000024 /* MessageView.swift in Sources */ = {isa = PBXBuildFile; fileRef = 000000000000000000000034 /* MessageView.swift */; };
		000000000000000000000025 /* CommandPaletteView.swift in Sources */ = {isa = PBXBuildFile; fileRef = 000000000000000000000035 /* CommandPaletteView.swift */; };
		000000000000000000000026 /* ChatView.swift in Sources */ = {isa = PBXBuildFile; fileRef = 000000000000000000000036 /* ChatView.swift */; };
		000000000000000000000027 /* ChatViewModel.swift in Sources */ = {isa = PBXBuildFile; fileRef = 000000000000000000000037 /* ChatViewModel.swift */; };
		00000000000000000000002B /* ProjectsViewModel.swift in Sources */ = {isa = PBXBuildFile; fileRef = 00000000000000000000003B /* ProjectsViewModel.swift */; };
		00000000000000000000002D /* PluginsViewModel.swift in Sources */ = {isa = PBXBuildFile; fileRef = 00000000000000000000003D /* PluginsViewModel.swift */; };
		00000000000000000000002F /* MCPViewModel.swift in Sources */ = {isa = PBXBuildFile; fileRef = 00000000000000000000003F /* MCPViewModel.swift */; };
		000000000000000000000041 /* SkillsViewModel.swift in Sources */ = {isa = PBXBuildFile; fileRef = 000000000000000000000051 /* SkillsViewModel.swift */; };
		000000000000000000000042 /* SettingsView.swift in Sources */ = {isa = PBXBuildFile; fileRef = 000000000000000000000052 /* SettingsView.swift */; };
		000000000000000000000044 /* NewSessionView.swift in Sources */ = {isa = PBXBuildFile; fileRef = 000000000000000000000054 /* NewSessionView.swift */; };
		000000000000000000000045 /* SessionsViewModel.swift in Sources */ = {isa = PBXBuildFile; fileRef = 000000000000000000000055 /* SessionsViewModel.swift */; };
		000000000000000000000047 /* DashboardViewModel.swift in Sources */ = {isa = PBXBuildFile; fileRef = 000000000000000000000057 /* DashboardViewModel.swift */; };
		000000000000000000000080 /* ILSShared in Frameworks */ = {isa = PBXBuildFile; productRef = 000000000000000000000090 /* ILSShared */; };
		76A4CB36EF4500608662F95F /* SessionInfoView.swift in Sources */ = {isa = PBXBuildFile; fileRef = D49E0C15B3D472F1ED3CB709 /* SessionInfoView.swift */; };
		UITEST0000000000000000B1 /* ValidationGateTests.swift in Sources */ = {isa = PBXBuildFile; fileRef = UITEST0000000000000000A1 /* ValidationGateTests.swift */; };
		UITEST0000000000000000B2 /* FeatureGateTests.swift in Sources */ = {isa = PBXBuildFile; fileRef = UITEST0000000000000000A2 /* FeatureGateTests.swift */; };
		UITEST0000000000000000B3 /* ErrorHandlingTests.swift in Sources */ = {isa = PBXBuildFile; fileRef = UITEST0000000000000000A3 /* ErrorHandlingTests.swift */; };
		UITEST0000000000000000B4 /* NavigationTests.swift in Sources */ = {isa = PBXBuildFile; fileRef = UITEST0000000000000000A4 /* NavigationTests.swift */; };
		D34A88018CCE7AA8255FB0BD /* ChatMessage.swift in Sources */ = {isa = PBXBuildFile; fileRef = 0A75A6A1E93E094C2A22141A /* ChatMessage.swift */; };
		F3715C9DCBFBBC335848726F /* SessionTemplate.swift in Sources */ = {isa = PBXBuildFile; fileRef = 68E868BFD71ECDD82CEE973A /* SessionTemplate.swift */; };
		E9A37AD71576735993B071D2 /* AppLogger.swift in Sources */ = {isa = PBXBuildFile; fileRef = 8ECED7F266878654DB328099 /* AppLogger.swift */; };
		94B94BE946A15579D7B88B5A /* ConnectionManager.swift in Sources */ = {isa = PBXBuildFile; fileRef = 68D23780196172766F35CB6D /* ConnectionManager.swift */; };
		3CD7FD7530A8F540D8127499 /* MetricsWebSocketClient.swift in Sources */ = {isa = PBXBuildFile; fileRef = 07D43A9036A84E0DFD79D0FB /* MetricsWebSocketClient.swift */; };
		7D2B5BF30DBE3F10F8CD2453 /* PollingManager.swift in Sources */ = {isa = PBXBuildFile; fileRef = 316D892CFC210479D115ADED /* PollingManager.swift */; };
		C4EE8AE6E9C9631B0D70DA79 /* AppTheme.swift in Sources */ = {isa = PBXBuildFile; fileRef = E646B012E1031BE07EC3AE85 /* AppTheme.swift */; };
		FAD2474A62D790E902F76F23 /* AccentButton.swift in Sources */ = {isa = PBXBuildFile; fileRef = 404FB9EC1FC43152160DC00E /* AccentButton.swift */; };
		9F5F230268E1674416C1A711 /* ConnectionBanner.swift in Sources */ = {isa = PBXBuildFile; fileRef = 4FB14C482C03119015FD03B8 /* ConnectionBanner.swift */; };
		F813749BF82499F61FED3860 /* ConnectionSteps.swift in Sources */ = {isa = PBXBuildFile; fileRef = 9647FEBD97082EF4E580E819 /* ConnectionSteps.swift */; };
		9F793DB9C2F90BCCB54E4106 /* EmptyEntityState.swift in Sources */ = {isa = PBXBuildFile; fileRef = 05DE4221EE27B3203B59BECC /* EmptyEntityState.swift */; };
		3D820953E9586FA35D41623F /* EntityBadge.swift in Sources */ = {isa = PBXBuildFile; fileRef = CC6E68AFEB6E3417C2B702DF /* EntityBadge.swift */; };
		AA4E776EB02536BEF92C4160 /* ILSCodeHighlighter.swift in Sources */ = {isa = PBXBuildFile; fileRef = 46B7FDC0358D34B4EEEC9C18 /* ILSCodeHighlighter.swift */; };
		9C3AD7E50A6072EAA82D8807 /* MetricChart.swift in Sources */ = {isa = PBXBuildFile; fileRef = 176A97B4324BC9B28A7A38ED /* MetricChart.swift */; };
		0309F13EF0879D4D73863C7B /* ProgressRing.swift in Sources */ = {isa = PBXBuildFile; fileRef = 5D69173DDEDBED5A6ECD1237 /* ProgressRing.swift */; };
		0DE80118BB6CEC1B5AF70670 /* ShimmerModifier.swift in Sources */ = {isa = PBXBuildFile; fileRef = C884E6BF9A283242E90A7371 /* ShimmerModifier.swift */; };
		9E3F86B1ABCDF132A0A9A20B /* SkeletonRow.swift in Sources */ = {isa = PBXBuildFile; fileRef = 914F96F9860BCEA2D2203C8B /* SkeletonRow.swift */; };
		794B7AF73F50B247FD03D4A2 /* SparklineChart.swift in Sources */ = {isa = PBXBuildFile; fileRef = 88B2BBF505E11BBB02E08B03 /* SparklineChart.swift */; };
		9D434E599915EF796DE9ECAF /* StatCard.swift in Sources */ = {isa = PBXBuildFile; fileRef = 88AC6758ED08C606C33E5A37 /* StatCard.swift */; };
		17D47E0F11EB7F5E1DBDAE1C /* ThemedCodeBlockView.swift in Sources */ = {isa = PBXBuildFile; fileRef = A1C4B069E13911480675567D /* ThemedCodeBlockView.swift */; };
		715BBC71AAB953377FDCC7D7 /* ThinkingSection.swift in Sources */ = {isa = PBXBuildFile; fileRef = 600723F20D1199D046A412E6 /* ThinkingSection.swift */; };
		1E7B36883D5F94DD16D2AF7B /* ToolCallAccordion.swift in Sources */ = {isa = PBXBuildFile; fileRef = F154E694997716C0723D7288 /* ToolCallAccordion.swift */; };
		93B0FC27012EEE7F03DBDF36 /* EntityType.swift in Sources */ = {isa = PBXBuildFile; fileRef = A6C35A1AF01B923BAC8639C4 /* EntityType.swift */; };
		B575D582B74FF39306FACDC0 /* GlassCard.swift in Sources */ = {isa = PBXBuildFile; fileRef = F78875DD4248B1CDF63F4E3F /* GlassCard.swift */; };
		9409B1ECC09FA2201DBEC9C4 /* CarbonTheme.swift in Sources */ = {isa = PBXBuildFile; fileRef = E84234A891ACE529119F58CE /* CarbonTheme.swift */; };
		03CD6D445F38473A52D62B34 /* CrimsonTheme.swift in Sources */ = {isa = PBXBuildFile; fileRef = F24E761C98DE361FC2467F63 /* CrimsonTheme.swift */; };
		7BCC8141CA53B94BFD92AD7F /* ElectricGridTheme.swift in Sources */ = {isa = PBXBuildFile; fileRef = 7CBD78DD4C16CA10A977455C /* ElectricGridTheme.swift */; };
		41AAD3BD74F6DCD58ECF4084 /* EmberTheme.swift in Sources */ = {isa = PBXBuildFile; fileRef = 90F445278F6037E701BCCB51 /* EmberTheme.swift */; };
		4C7CDE94F499B203DC2C94F8 /* GhostProtocolTheme.swift in Sources */ = {isa = PBXBuildFile; fileRef = C7AB6395C7F910817102CCDF /* GhostProtocolTheme.swift */; };
		7CC96EA9B9D85D952667780F /* GraphiteTheme.swift in Sources */ = {isa = PBXBuildFile; fileRef = 596538614070524DAF6215E8 /* GraphiteTheme.swift */; };
		3B96869CD99204096BF5C083 /* MidnightTheme.swift in Sources */ = {isa = PBXBuildFile; fileRef = CC72F3CE2A50FA6F766AD95D /* MidnightTheme.swift */; };
		14DA87548837CBE450867AD7 /* NeonNoirTheme.swift in Sources */ = {isa = PBXBuildFile; fileRef = B71083EA435E8618E91CD95A /* NeonNoirTheme.swift */; };
		0B70201ACF9A085E978D00F2 /* ObsidianTheme.swift in Sources */ = {isa = PBXBuildFile; fileRef = 9D51D945E430A13406EC4C1D /* ObsidianTheme.swift */; };
		C787D3D5487379B9AE20EEF3 /* PaperTheme.swift in Sources */ = {isa = PBXBuildFile; fileRef = C869C647DE38A4DE196C259A /* PaperTheme.swift */; };
		69C2918F43B38C414425A7D6 /* SlateTheme.swift in Sources */ = {isa = PBXBuildFile; fileRef = 4CA1BF63893C2951699F7F81 /* SlateTheme.swift */; };
		3D3FB9905F889658B7B1AA94 /* SnowTheme.swift in Sources */ = {isa = PBXBuildFile; fileRef = 8DBA88661A09FB1E0D77715C /* SnowTheme.swift */; };
		E87AB3B865DA0C2EAED50792 /* DateFormatters.swift in Sources */ = {isa = PBXBuildFile; fileRef = 64A4EB5503C775FEB591E78F /* DateFormatters.swift */; };
		38F73BABFDAFBA3E2E87D91A /* MarkdownParser.swift in Sources */ = {isa = PBXBuildFile; fileRef = 18707A3FD2AA1A0AB727DAC7 /* MarkdownParser.swift */; };
		AE75671879852910CE23123B /* SyntaxHighlighter.swift in Sources */ = {isa = PBXBuildFile; fileRef = 08C3D60A2FA5E69E463474BD /* SyntaxHighlighter.swift */; };
		72F0CAFCC8120ED4EF9C9936 /* ConfigEditorViewModel.swift in Sources */ = {isa = PBXBuildFile; fileRef = 6A54B91240C8000141B709D6 /* ConfigEditorViewModel.swift */; };
		150AF84A38053722383DD27C /* FleetViewModel.swift in Sources */ = {isa = PBXBuildFile; fileRef = DDBF713767FFDFDC0AFA524A /* FleetViewModel.swift */; };
		0DF6EFADF88973E4904FAFB5 /* SSHViewModel.swift in Sources */ = {isa = PBXBuildFile; fileRef = B5380873353FE2AB79C3ABC4 /* SSHViewModel.swift */; };
		D591F2EA70DF658781ED58BA /* SettingsViewModel.swift in Sources */ = {isa = PBXBuildFile; fileRef = 2AAEF05B48BDEA5107C552F7 /* SettingsViewModel.swift */; };
		DBD505C11400E2A3C98AAD96 /* SetupViewModel.swift in Sources */ = {isa = PBXBuildFile; fileRef = D0DAC1B5C7C15E5474DF74E5 /* SetupViewModel.swift */; };
		45D2E1ADAFF7D33A5B6B5440 /* SystemMetricsViewModel.swift in Sources */ = {isa = PBXBuildFile; fileRef = 85377F96EB2A2745911A3DE7 /* SystemMetricsViewModel.swift */; };
		BE905C2CC823E891F01261EA /* TeamsViewModel.swift in Sources */ = {isa = PBXBuildFile; fileRef = B93DBBB36A89B3EFABB0F519 /* TeamsViewModel.swift */; };
		53D5C777952C6DCDBB3B3A74 /* BrowserView.swift in Sources */ = {isa = PBXBuildFile; fileRef = 31B2EC2E456CA5EBA4AC2260 /* BrowserView.swift */; };
		B704628AE848E75C17164755 /* MCPServerDetailView.swift in Sources */ = {isa = PBXBuildFile; fileRef = 643FE91209B089D6EF98A7F4 /* MCPServerDetailView.swift */; };
		250522B41C4602367DEA3652 /* SkillDetailView.swift in Sources */ = {isa = PBXBuildFile; fileRef = 08A5265668B2D81D8965FE50 /* SkillDetailView.swift */; };
		00B429CB2D342AEB4F96EF8B /* AdvancedOptionsSheet.swift in Sources */ = {isa = PBXBuildFile; fileRef = E36C544338A756A76C62B0BD /* AdvancedOptionsSheet.swift */; };
		A47EF47B6584DA1772C1B2E4 /* AssistantCard.swift in Sources */ = {isa = PBXBuildFile; fileRef = 7F160F918D3C3E6A66FD3CF7 /* AssistantCard.swift */; };
		A5FEF1BAB6DEAF0F063D3C8C /* ChatInputBar.swift in Sources */ = {isa = PBXBuildFile; fileRef = 3C82A1FD31FB958CA0B37315 /* ChatInputBar.swift */; };
		B42025C6D2E0EBA96A0A2D58 /* ChatMessageList.swift in Sources */ = {isa = PBXBuildFile; fileRef = 1D0C099514DB8B64B9445B54 /* ChatMessageList.swift */; };
		6293B7B83235F79EDFF7E9F0 /* CodeBlockView.swift in Sources */ = {isa = PBXBuildFile; fileRef = 1B746F7EEADC6C249ABC7AF1 /* CodeBlockView.swift */; };
		98C519E9DCB32BBF482EE02F /* ErrorMessageView.swift in Sources */ = {isa = PBXBuildFile; fileRef = 1DB162AD310A5C076A099561 /* ErrorMessageView.swift */; };
		5124024EBDF37314726DEF2B /* MarkdownTextView.swift in Sources */ = {isa = PBXBuildFile; fileRef = D7FF0B118A48A93978CFC6A7 /* MarkdownTextView.swift */; };
		8944EE678644ACFB869FBECA /* PermissionRequestModal.swift in Sources */ = {isa = PBXBuildFile; fileRef = 31D72D145B0BE37B9D2CB7C6 /* PermissionRequestModal.swift */; };
		8EEE5F3E2C9698E265FDE599 /* StreamingIndicatorView.swift in Sources */ = {isa = PBXBuildFile; fileRef = FA69F5EABB7DAD48181E82A2 /* StreamingIndicatorView.swift */; };
		731E5B552056E39FCF048C8E /* SystemMessageView.swift in Sources */ = {isa = PBXBuildFile; fileRef = AD2F0EDF4BA3EFA70F031050 /* SystemMessageView.swift */; };
		692A10C327604DF500E84E80 /* UserMessageCard.swift in Sources */ = {isa = PBXBuildFile; fileRef = 714846E247A750F6E47C0D63 /* UserMessageCard.swift */; };
		270C243E8DCF9F96A0C28A9B /* FleetHostDetailView.swift in Sources */ = {isa = PBXBuildFile; fileRef = 513651685EA0E7CC8898DAD1 /* FleetHostDetailView.swift */; };
		DED9A10B29F2B803414B320B /* FleetManagementView.swift in Sources */ = {isa = PBXBuildFile; fileRef = F11ABB1239D924790A5E68A6 /* FleetManagementView.swift */; };
		62E0C671D508BEC6E50D59A7 /* HomeView.swift in Sources */ = {isa = PBXBuildFile; fileRef = DC242D8CC1E4A5613B7CEDCD /* HomeView.swift */; };
		F60B78BB148185FAA48F9F21 /* ConnectionMode.swift in Sources */ = {isa = PBXBuildFile; fileRef = BC7CB018B2A032F766F6FCD0 /* ConnectionMode.swift */; };
		23C5C10511914E873F25D02A /* OnboardingView.swift in Sources */ = {isa = PBXBuildFile; fileRef = 406254A64496DEF1F970EE04 /* OnboardingView.swift */; };
		8846A021CFEDA853BE444DEA /* QuickConnectView.swift in Sources */ = {isa = PBXBuildFile; fileRef = 9C261A908015242C5D54D873 /* QuickConnectView.swift */; };
		BF73A9C09CEB2E20F87D5775 /* SSHSetupView.swift in Sources */ = {isa = PBXBuildFile; fileRef = 8E1CED88D56BBEC870B1B0DB /* SSHSetupView.swift */; };
		70F99133E1764FEE8F04452D /* ServerSetupSheet.swift in Sources */ = {isa = PBXBuildFile; fileRef = 79A3E3B4EA468729CCA1D50F /* ServerSetupSheet.swift */; };
		A56C1B1105B3ED28794C1CCD /* SidebarRootView.swift in Sources */ = {isa = PBXBuildFile; fileRef = 05C3E2ACE286EF2002ABE3D2 /* SidebarRootView.swift */; };
		38800FC1A1CEACBCE2FB40C2 /* SidebarSessionRow.swift in Sources */ = {isa = PBXBuildFile; fileRef = 8CD8CEAC83EC5A7D27885F4C /* SidebarSessionRow.swift */; };
		BEF97056DD3D5B165937ACD0 /* ConfigEditorView.swift in Sources */ = {isa = PBXBuildFile; fileRef = 87A8CB0B2DBBB8C340DFFF9B /* ConfigEditorView.swift */; };
		1ACC25BCF82C50EAE246AC24 /* LogViewerView.swift in Sources */ = {isa = PBXBuildFile; fileRef = 4AA0F36EDC9D9B54B9FB9F0B /* LogViewerView.swift */; };
		AC4DF5B57A98C42375042DAE /* NotificationPreferencesView.swift in Sources */ = {isa = PBXBuildFile; fileRef = F92B3D38FBFF4028F98A8522 /* NotificationPreferencesView.swift */; };
		ED476DE29313A1B890DD8002 /* SettingsAboutSection.swift in Sources */ = {isa = PBXBuildFile; fileRef = F81B16828890A57FFAEF43EB /* SettingsAboutSection.swift */; };
		5915E7E1601A0CECF847E25C /* SettingsAppearanceSection.swift in Sources */ = {isa = PBXBuildFile; fileRef = AF8DA966E4188F014B1878C1 /* SettingsAppearanceSection.swift */; };
		BEA45DB54CC6BB12B3D77686 /* SettingsConfigSection.swift in Sources */ = {isa = PBXBuildFile; fileRef = 2828EA729B849380176FD852 /* SettingsConfigSection.swift */; };
		A605FC1978157CF0D86AC20F /* SettingsConnectionSection.swift in Sources */ = {isa = PBXBuildFile; fileRef = F248ECAE3B7914C220A1721F /* SettingsConnectionSection.swift */; };
		BEC595A8ECA024005B2D4558 /* SettingsViewSections.swift in Sources */ = {isa = PBXBuildFile; fileRef = 99F0BE56EBA36D3A5362A097 /* SettingsViewSections.swift */; };
		217815DAE984F0F3F42E461A /* ThemePickerView.swift in Sources */ = {isa = PBXBuildFile; fileRef = B8C4B741AE2135753FB0C0D1 /* ThemePickerView.swift */; };
		08CFC3121934AB0D79DAD464 /* TunnelSettingsView.swift in Sources */ = {isa = PBXBuildFile; fileRef = B45FED827E8D4A10767BA9F7 /* TunnelSettingsView.swift */; };
		56259D78B90C1CE057A841E5 /* ShareSheet.swift in Sources */ = {isa = PBXBuildFile; fileRef = 9A3B8885FF196634D0E877E2 /* ShareSheet.swift */; };
		3114F99E981FCA3103211901 /* FileBrowserView.swift in Sources */ = {isa = PBXBuildFile; fileRef = E486ECB2CC579DF44A548B57 /* FileBrowserView.swift */; };
		141E2F6EDEAE1FBCF6970624 /* ProcessListView.swift in Sources */ = {isa = PBXBuildFile; fileRef = AF2F8FD8E5A04475383D7520 /* ProcessListView.swift */; };
		8E0DCFBF0B12F1E40DB7930F /* SystemMonitorView.swift in Sources */ = {isa = PBXBuildFile; fileRef = BCB7F1A8E5F8DD4EFC02F71B /* SystemMonitorView.swift */; };
		8B95D86DE76976240EE2D1BD /* AgentTeamDetailView.swift in Sources */ = {isa = PBXBuildFile; fileRef = 945F42ECB19A53F4F9478825 /* AgentTeamDetailView.swift */; };
		3A51281E9907EBB3211B410B /* AgentTeamsListView.swift in Sources */ = {isa = PBXBuildFile; fileRef = D227F0ECCC7544079ED4B25A /* AgentTeamsListView.swift */; };
		4A1DD83C5C7AE91DB734C7DD /* CreateTeamView.swift in Sources */ = {isa = PBXBuildFile; fileRef = ABFC3D2B58EF012A82625D72 /* CreateTeamView.swift */; };
		8E3C4D1FE5E52E62189CE46D /* SpawnTeammateView.swift in Sources */ = {isa = PBXBuildFile; fileRef = E76BBE30ECB3AD6766F7E19B /* SpawnTeammateView.swift */; };
		9DFF522F6CFBB6EF3824135F /* TeamMessagesView.swift in Sources */ = {isa = PBXBuildFile; fileRef = 3A1D5D4F02F0AA0408A58044 /* TeamMessagesView.swift */; };
		CDB2BDA0F5452052654D5D35 /* TeamTaskListView.swift in Sources */ = {isa = PBXBuildFile; fileRef = 983140F1C870DF03B44976FD /* TeamTaskListView.swift */; };
/* End PBXBuildFile section */

/* Begin PBXContainerItemProxy section */
		UITEST0000000000000PROXY /* PBXContainerItemProxy */ = {
			isa = PBXContainerItemProxy;
			containerPortal = 000000000000000000000008 /* Project object */;
			proxyType = 1;
			remoteGlobalIDString = 00000000000000000000000E;
			remoteInfo = ILSApp;
		};
/* End PBXContainerItemProxy section */

/* Begin PBXFileReference section */
		000000000000000000000010 /* ILSApp.app */ = {isa = PBXFileReference; explicitFileType = wrapper.application; includeInIndex = 0; path = ILSApp.app; sourceTree = BUILT_PRODUCTS_DIR; };
		000000000000000000000011 /* ILSAppApp.swift */ = {isa = PBXFileReference; lastKnownFileType = sourcecode.swift; path = ILSAppApp.swift; sourceTree = "<group>"; };
		000000000000000000000013 /* Assets.xcassets */ = {isa = PBXFileReference; lastKnownFileType = folder.assetcatalog; path = Assets.xcassets; sourceTree = "<group>"; };
		000000000000000000000014 /* ILSApp.entitlements */ = {isa = PBXFileReference; lastKnownFileType = text.plist.entitlements; path = ILSApp.entitlements; sourceTree = "<group>"; };
		000000000000000000000030 /* ILSTheme.swift */ = {isa = PBXFileReference; lastKnownFileType = sourcecode.swift; path = ILSTheme.swift; sourceTree = "<group>"; };
		000000000000000000000031 /* APIClient.swift */ = {isa = PBXFileReference; lastKnownFileType = sourcecode.swift; path = APIClient.swift; sourceTree = "<group>"; };
		000000000000000000000032 /* SSEClient.swift */ = {isa = PBXFileReference; lastKnownFileType = sourcecode.swift; path = SSEClient.swift; sourceTree = "<group>"; };
		000000000000000000000058 /* KeychainService.swift */ = {isa = PBXFileReference; lastKnownFileType = sourcecode.swift; path = KeychainService.swift; sourceTree = "<group>"; };
		000000000000000000000033 /* SidebarView.swift */ = {isa = PBXFileReference; lastKnownFileType = sourcecode.swift; path = SidebarView.swift; sourceTree = "<group>"; };
		000000000000000000000034 /* MessageView.swift */ = {isa = PBXFileReference; lastKnownFileType = sourcecode.swift; path = MessageView.swift; sourceTree = "<group>"; };
		000000000000000000000035 /* CommandPaletteView.swift */ = {isa = PBXFileReference; lastKnownFileType = sourcecode.swift; path = CommandPaletteView.swift; sourceTree = "<group>"; };
		000000000000000000000036 /* ChatView.swift */ = {isa = PBXFileReference; lastKnownFileType = sourcecode.swift; path = ChatView.swift; sourceTree = "<group>"; };
		000000000000000000000037 /* ChatViewModel.swift */ = {isa = PBXFileReference; lastKnownFileType = sourcecode.swift; path = ChatViewModel.swift; sourceTree = "<group>"; };
		00000000000000000000003B /* ProjectsViewModel.swift */ = {isa = PBXFileReference; lastKnownFileType = sourcecode.swift; path = ProjectsViewModel.swift; sourceTree = "<group>"; };
		00000000000000000000003D /* PluginsViewModel.swift */ = {isa = PBXFileReference; lastKnownFileType = sourcecode.swift; path = PluginsViewModel.swift; sourceTree = "<group>"; };
		00000000000000000000003F /* MCPViewModel.swift */ = {isa = PBXFileReference; lastKnownFileType = sourcecode.swift; path = MCPViewModel.swift; sourceTree = "<group>"; };
		000000000000000000000051 /* SkillsViewModel.swift */ = {isa = PBXFileReference; lastKnownFileType = sourcecode.swift; path = SkillsViewModel.swift; sourceTree = "<group>"; };
		000000000000000000000052 /* SettingsView.swift */ = {isa = PBXFileReference; lastKnownFileType = sourcecode.swift; path = SettingsView.swift; sourceTree = "<group>"; };
		000000000000000000000054 /* NewSessionView.swift */ = {isa = PBXFileReference; lastKnownFileType = sourcecode.swift; path = NewSessionView.swift; sourceTree = "<group>"; };
		000000000000000000000055 /* SessionsViewModel.swift */ = {isa = PBXFileReference; lastKnownFileType = sourcecode.swift; path = SessionsViewModel.swift; sourceTree = "<group>"; };
		000000000000000000000057 /* DashboardViewModel.swift */ = {isa = PBXFileReference; lastKnownFileType = sourcecode.swift; path = DashboardViewModel.swift; sourceTree = "<group>"; };
		D49E0C15B3D472F1ED3CB709 /* SessionInfoView.swift */ = {isa = PBXFileReference; includeInIndex = 1; lastKnownFileType = sourcecode.swift; path = SessionInfoView.swift; sourceTree = "<group>"; };
		UITEST0000000000000000A0 /* ILSAppUITests.xctest */ = {isa = PBXFileReference; explicitFileType = wrapper.cfbundle; includeInIndex = 0; path = ILSAppUITests.xctest; sourceTree = BUILT_PRODUCTS_DIR; };
		UITEST0000000000000000A1 /* ValidationGateTests.swift */ = {isa = PBXFileReference; lastKnownFileType = sourcecode.swift; path = ValidationGateTests.swift; sourceTree = "<group>"; };
		UITEST0000000000000000A2 /* FeatureGateTests.swift */ = {isa = PBXFileReference; lastKnownFileType = sourcecode.swift; path = FeatureGateTests.swift; sourceTree = "<group>"; };
		UITEST0000000000000000A3 /* ErrorHandlingTests.swift */ = {isa = PBXFileReference; lastKnownFileType = sourcecode.swift; path = ErrorHandlingTests.swift; sourceTree = "<group>"; };
		UITEST0000000000000000A4 /* NavigationTests.swift */ = {isa = PBXFileReference; lastKnownFileType = sourcecode.swift; path = NavigationTests.swift; sourceTree = "<group>"; };
		0A75A6A1E93E094C2A22141A /* ChatMessage.swift */ = {isa = PBXFileReference; lastKnownFileType = sourcecode.swift; path = ChatMessage.swift; sourceTree = "<group>"; };
		68E868BFD71ECDD82CEE973A /* SessionTemplate.swift */ = {isa = PBXFileReference; lastKnownFileType = sourcecode.swift; path = SessionTemplate.swift; sourceTree = "<group>"; };
		8ECED7F266878654DB328099 /* AppLogger.swift */ = {isa = PBXFileReference; lastKnownFileType = sourcecode.swift; path = AppLogger.swift; sourceTree = "<group>"; };
		68D23780196172766F35CB6D /* ConnectionManager.swift */ = {isa = PBXFileReference; lastKnownFileType = sourcecode.swift; path = ConnectionManager.swift; sourceTree = "<group>"; };
		07D43A9036A84E0DFD79D0FB /* MetricsWebSocketClient.swift */ = {isa = PBXFileReference; lastKnownFileType = sourcecode.swift; path = MetricsWebSocketClient.swift; sourceTree = "<group>"; };
		316D892CFC210479D115ADED /* PollingManager.swift */ = {isa = PBXFileReference; lastKnownFileType = sourcecode.swift; path = PollingManager.swift; sourceTree = "<group>"; };
		E646B012E1031BE07EC3AE85 /* AppTheme.swift */ = {isa = PBXFileReference; lastKnownFileType = sourcecode.swift; path = AppTheme.swift; sourceTree = "<group>"; };
		404FB9EC1FC43152160DC00E /* AccentButton.swift */ = {isa = PBXFileReference; lastKnownFileType = sourcecode.swift; path = AccentButton.swift; sourceTree = "<group>"; };
		4FB14C482C03119015FD03B8 /* ConnectionBanner.swift */ = {isa = PBXFileReference; lastKnownFileType = sourcecode.swift; path = ConnectionBanner.swift; sourceTree = "<group>"; };
		9647FEBD97082EF4E580E819 /* ConnectionSteps.swift */ = {isa = PBXFileReference; lastKnownFileType = sourcecode.swift; path = ConnectionSteps.swift; sourceTree = "<group>"; };
		05DE4221EE27B3203B59BECC /* EmptyEntityState.swift */ = {isa = PBXFileReference; lastKnownFileType = sourcecode.swift; path = EmptyEntityState.swift; sourceTree = "<group>"; };
		CC6E68AFEB6E3417C2B702DF /* EntityBadge.swift */ = {isa = PBXFileReference; lastKnownFileType = sourcecode.swift; path = EntityBadge.swift; sourceTree = "<group>"; };
		46B7FDC0358D34B4EEEC9C18 /* ILSCodeHighlighter.swift */ = {isa = PBXFileReference; lastKnownFileType = sourcecode.swift; path = ILSCodeHighlighter.swift; sourceTree = "<group>"; };
		176A97B4324BC9B28A7A38ED /* MetricChart.swift */ = {isa = PBXFileReference; lastKnownFileType = sourcecode.swift; path = MetricChart.swift; sourceTree = "<group>"; };
		5D69173DDEDBED5A6ECD1237 /* ProgressRing.swift */ = {isa = PBXFileReference; lastKnownFileType = sourcecode.swift; path = ProgressRing.swift; sourceTree = "<group>"; };
		C884E6BF9A283242E90A7371 /* ShimmerModifier.swift */ = {isa = PBXFileReference; lastKnownFileType = sourcecode.swift; path = ShimmerModifier.swift; sourceTree = "<group>"; };
		914F96F9860BCEA2D2203C8B /* SkeletonRow.swift */ = {isa = PBXFileReference; lastKnownFileType = sourcecode.swift; path = SkeletonRow.swift; sourceTree = "<group>"; };
		88B2BBF505E11BBB02E08B03 /* SparklineChart.swift */ = {isa = PBXFileReference; lastKnownFileType = sourcecode.swift; path = SparklineChart.swift; sourceTree = "<group>"; };
		88AC6758ED08C606C33E5A37 /* StatCard.swift */ = {isa = PBXFileReference; lastKnownFileType = sourcecode.swift; path = StatCard.swift; sourceTree = "<group>"; };
		A1C4B069E13911480675567D /* ThemedCodeBlockView.swift */ = {isa = PBXFileReference; lastKnownFileType = sourcecode.swift; path = ThemedCodeBlockView.swift; sourceTree = "<group>"; };
		600723F20D1199D046A412E6 /* ThinkingSection.swift */ = {isa = PBXFileReference; lastKnownFileType = sourcecode.swift; path = ThinkingSection.swift; sourceTree = "<group>"; };
		F154E694997716C0723D7288 /* ToolCallAccordion.swift */ = {isa = PBXFileReference; lastKnownFileType = sourcecode.swift; path = ToolCallAccordion.swift; sourceTree = "<group>"; };
		A6C35A1AF01B923BAC8639C4 /* EntityType.swift */ = {isa = PBXFileReference; lastKnownFileType = sourcecode.swift; path = EntityType.swift; sourceTree = "<group>"; };
		F78875DD4248B1CDF63F4E3F /* GlassCard.swift */ = {isa = PBXFileReference; lastKnownFileType = sourcecode.swift; path = GlassCard.swift; sourceTree = "<group>"; };
		E84234A891ACE529119F58CE /* CarbonTheme.swift */ = {isa = PBXFileReference; lastKnownFileType = sourcecode.swift; path = CarbonTheme.swift; sourceTree = "<group>"; };
		F24E761C98DE361FC2467F63 /* CrimsonTheme.swift */ = {isa = PBXFileReference; lastKnownFileType = sourcecode.swift; path = CrimsonTheme.swift; sourceTree = "<group>"; };
		7CBD78DD4C16CA10A977455C /* ElectricGridTheme.swift */ = {isa = PBXFileReference; lastKnownFileType = sourcecode.swift; path = ElectricGridTheme.swift; sourceTree = "<group>"; };
		90F445278F6037E701BCCB51 /* EmberTheme.swift */ = {isa = PBXFileReference; lastKnownFileType = sourcecode.swift; path = EmberTheme.swift; sourceTree = "<group>"; };
		C7AB6395C7F910817102CCDF /* GhostProtocolTheme.swift */ = {isa = PBXFileReference; lastKnownFileType = sourcecode.swift; path = GhostProtocolTheme.swift; sourceTree = "<group>"; };
		596538614070524DAF6215E8 /* GraphiteTheme.swift */ = {isa = PBXFileReference; lastKnownFileType = sourcecode.swift; path = GraphiteTheme.swift; sourceTree = "<group>"; };
		CC72F3CE2A50FA6F766AD95D /* MidnightTheme.swift */ = {isa = PBXFileReference; lastKnownFileType = sourcecode.swift; path = MidnightTheme.swift; sourceTree = "<group>"; };
		B71083EA435E8618E91CD95A /* NeonNoirTheme.swift */ = {isa = PBXFileReference; lastKnownFileType = sourcecode.swift; path = NeonNoirTheme.swift; sourceTree = "<group>"; };
		9D51D945E430A13406EC4C1D /* ObsidianTheme.swift */ = {isa = PBXFileReference; lastKnownFileType = sourcecode.swift; path = ObsidianTheme.swift; sourceTree = "<group>"; };
		C869C647DE38A4DE196C259A /* PaperTheme.swift */ = {isa = PBXFileReference; lastKnownFileType = sourcecode.swift; path = PaperTheme.swift; sourceTree = "<group>"; };
		4CA1BF63893C2951699F7F81 /* SlateTheme.swift */ = {isa = PBXFileReference; lastKnownFileType = sourcecode.swift; path = SlateTheme.swift; sourceTree = "<group>"; };
		8DBA88661A09FB1E0D77715C /* SnowTheme.swift */ = {isa = PBXFileReference; lastKnownFileType = sourcecode.swift; path = SnowTheme.swift; sourceTree = "<group>"; };
		64A4EB5503C775FEB591E78F /* DateFormatters.swift */ = {isa = PBXFileReference; lastKnownFileType = sourcecode.swift; path = DateFormatters.swift; sourceTree = "<group>"; };
		18707A3FD2AA1A0AB727DAC7 /* MarkdownParser.swift */ = {isa = PBXFileReference; lastKnownFileType = sourcecode.swift; path = MarkdownParser.swift; sourceTree = "<group>"; };
		08C3D60A2FA5E69E463474BD /* SyntaxHighlighter.swift */ = {isa = PBXFileReference; lastKnownFileType = sourcecode.swift; path = SyntaxHighlighter.swift; sourceTree = "<group>"; };
		6A54B91240C8000141B709D6 /* ConfigEditorViewModel.swift */ = {isa = PBXFileReference; lastKnownFileType = sourcecode.swift; path = ConfigEditorViewModel.swift; sourceTree = "<group>"; };
		DDBF713767FFDFDC0AFA524A /* FleetViewModel.swift */ = {isa = PBXFileReference; lastKnownFileType = sourcecode.swift; path = FleetViewModel.swift; sourceTree = "<group>"; };
		B5380873353FE2AB79C3ABC4 /* SSHViewModel.swift */ = {isa = PBXFileReference; lastKnownFileType = sourcecode.swift; path = SSHViewModel.swift; sourceTree = "<group>"; };
		2AAEF05B48BDEA5107C552F7 /* SettingsViewModel.swift */ = {isa = PBXFileReference; lastKnownFileType = sourcecode.swift; path = SettingsViewModel.swift; sourceTree = "<group>"; };
		D0DAC1B5C7C15E5474DF74E5 /* SetupViewModel.swift */ = {isa = PBXFileReference; lastKnownFileType = sourcecode.swift; path = SetupViewModel.swift; sourceTree = "<group>"; };
		85377F96EB2A2745911A3DE7 /* SystemMetricsViewModel.swift */ = {isa = PBXFileReference; lastKnownFileType = sourcecode.swift; path = SystemMetricsViewModel.swift; sourceTree = "<group>"; };
		B93DBBB36A89B3EFABB0F519 /* TeamsViewModel.swift */ = {isa = PBXFileReference; lastKnownFileType = sourcecode.swift; path = TeamsViewModel.swift; sourceTree = "<group>"; };
		31B2EC2E456CA5EBA4AC2260 /* BrowserView.swift */ = {isa = PBXFileReference; lastKnownFileType = sourcecode.swift; path = BrowserView.swift; sourceTree = "<group>"; };
		643FE91209B089D6EF98A7F4 /* MCPServerDetailView.swift */ = {isa = PBXFileReference; lastKnownFileType = sourcecode.swift; path = MCPServerDetailView.swift; sourceTree = "<group>"; };
		08A5265668B2D81D8965FE50 /* SkillDetailView.swift */ = {isa = PBXFileReference; lastKnownFileType = sourcecode.swift; path = SkillDetailView.swift; sourceTree = "<group>"; };
		E36C544338A756A76C62B0BD /* AdvancedOptionsSheet.swift */ = {isa = PBXFileReference; lastKnownFileType = sourcecode.swift; path = AdvancedOptionsSheet.swift; sourceTree = "<group>"; };
		7F160F918D3C3E6A66FD3CF7 /* AssistantCard.swift */ = {isa = PBXFileReference; lastKnownFileType = sourcecode.swift; path = AssistantCard.swift; sourceTree = "<group>"; };
		3C82A1FD31FB958CA0B37315 /* ChatInputBar.swift */ = {isa = PBXFileReference; lastKnownFileType = sourcecode.swift; path = ChatInputBar.swift; sourceTree = "<group>"; };
		1D0C099514DB8B64B9445B54 /* ChatMessageList.swift */ = {isa = PBXFileReference; lastKnownFileType = sourcecode.swift; path = ChatMessageList.swift; sourceTree = "<group>"; };
		1B746F7EEADC6C249ABC7AF1 /* CodeBlockView.swift */ = {isa = PBXFileReference; lastKnownFileType = sourcecode.swift; path = CodeBlockView.swift; sourceTree = "<group>"; };
		1DB162AD310A5C076A099561 /* ErrorMessageView.swift */ = {isa = PBXFileReference; lastKnownFileType = sourcecode.swift; path = ErrorMessageView.swift; sourceTree = "<group>"; };
		D7FF0B118A48A93978CFC6A7 /* MarkdownTextView.swift */ = {isa = PBXFileReference; lastKnownFileType = sourcecode.swift; path = MarkdownTextView.swift; sourceTree = "<group>"; };
		31D72D145B0BE37B9D2CB7C6 /* PermissionRequestModal.swift */ = {isa = PBXFileReference; lastKnownFileType = sourcecode.swift; path = PermissionRequestModal.swift; sourceTree = "<group>"; };
		FA69F5EABB7DAD48181E82A2 /* StreamingIndicatorView.swift */ = {isa = PBXFileReference; lastKnownFileType = sourcecode.swift; path = StreamingIndicatorView.swift; sourceTree = "<group>"; };
		AD2F0EDF4BA3EFA70F031050 /* SystemMessageView.swift */ = {isa = PBXFileReference; lastKnownFileType = sourcecode.swift; path = SystemMessageView.swift; sourceTree = "<group>"; };
		714846E247A750F6E47C0D63 /* UserMessageCard.swift */ = {isa = PBXFileReference; lastKnownFileType = sourcecode.swift; path = UserMessageCard.swift; sourceTree = "<group>"; };
		513651685EA0E7CC8898DAD1 /* FleetHostDetailView.swift */ = {isa = PBXFileReference; lastKnownFileType = sourcecode.swift; path = FleetHostDetailView.swift; sourceTree = "<group>"; };
		F11ABB1239D924790A5E68A6 /* FleetManagementView.swift */ = {isa = PBXFileReference; lastKnownFileType = sourcecode.swift; path = FleetManagementView.swift; sourceTree = "<group>"; };
		DC242D8CC1E4A5613B7CEDCD /* HomeView.swift */ = {isa = PBXFileReference; lastKnownFileType = sourcecode.swift; path = HomeView.swift; sourceTree = "<group>"; };
		BC7CB018B2A032F766F6FCD0 /* ConnectionMode.swift */ = {isa = PBXFileReference; lastKnownFileType = sourcecode.swift; path = ConnectionMode.swift; sourceTree = "<group>"; };
		406254A64496DEF1F970EE04 /* OnboardingView.swift */ = {isa = PBXFileReference; lastKnownFileType = sourcecode.swift; path = OnboardingView.swift; sourceTree = "<group>"; };
		9C261A908015242C5D54D873 /* QuickConnectView.swift */ = {isa = PBXFileReference; lastKnownFileType = sourcecode.swift; path = QuickConnectView.swift; sourceTree = "<group>"; };
		8E1CED88D56BBEC870B1B0DB /* SSHSetupView.swift */ = {isa = PBXFileReference; lastKnownFileType = sourcecode.swift; path = SSHSetupView.swift; sourceTree = "<group>"; };
		79A3E3B4EA468729CCA1D50F /* ServerSetupSheet.swift */ = {isa = PBXFileReference; lastKnownFileType = sourcecode.swift; path = ServerSetupSheet.swift; sourceTree = "<group>"; };
		05C3E2ACE286EF2002ABE3D2 /* SidebarRootView.swift */ = {isa = PBXFileReference; lastKnownFileType = sourcecode.swift; path = SidebarRootView.swift; sourceTree = "<group>"; };
		8CD8CEAC83EC5A7D27885F4C /* SidebarSessionRow.swift */ = {isa = PBXFileReference; lastKnownFileType = sourcecode.swift; path = SidebarSessionRow.swift; sourceTree = "<group>"; };
		87A8CB0B2DBBB8C340DFFF9B /* ConfigEditorView.swift */ = {isa = PBXFileReference; lastKnownFileType = sourcecode.swift; path = ConfigEditorView.swift; sourceTree = "<group>"; };
		4AA0F36EDC9D9B54B9FB9F0B /* LogViewerView.swift */ = {isa = PBXFileReference; lastKnownFileType = sourcecode.swift; path = LogViewerView.swift; sourceTree = "<group>"; };
		F92B3D38FBFF4028F98A8522 /* NotificationPreferencesView.swift */ = {isa = PBXFileReference; lastKnownFileType = sourcecode.swift; path = NotificationPreferencesView.swift; sourceTree = "<group>"; };
		F81B16828890A57FFAEF43EB /* SettingsAboutSection.swift */ = {isa = PBXFileReference; lastKnownFileType = sourcecode.swift; path = SettingsAboutSection.swift; sourceTree = "<group>"; };
		AF8DA966E4188F014B1878C1 /* SettingsAppearanceSection.swift */ = {isa = PBXFileReference; lastKnownFileType = sourcecode.swift; path = SettingsAppearanceSection.swift; sourceTree = "<group>"; };
		2828EA729B849380176FD852 /* SettingsConfigSection.swift */ = {isa = PBXFileReference; lastKnownFileType = sourcecode.swift; path = SettingsConfigSection.swift; sourceTree = "<group>"; };
		F248ECAE3B7914C220A1721F /* SettingsConnectionSection.swift */ = {isa = PBXFileReference; lastKnownFileType = sourcecode.swift; path = SettingsConnectionSection.swift; sourceTree = "<group>"; };
		99F0BE56EBA36D3A5362A097 /* SettingsViewSections.swift */ = {isa = PBXFileReference; lastKnownFileType = sourcecode.swift; path = SettingsViewSections.swift; sourceTree = "<group>"; };
		B8C4B741AE2135753FB0C0D1 /* ThemePickerView.swift */ = {isa = PBXFileReference; lastKnownFileType = sourcecode.swift; path = ThemePickerView.swift; sourceTree = "<group>"; };
		B45FED827E8D4A10767BA9F7 /* TunnelSettingsView.swift */ = {isa = PBXFileReference; lastKnownFileType = sourcecode.swift; path = TunnelSettingsView.swift; sourceTree = "<group>"; };
		9A3B8885FF196634D0E877E2 /* ShareSheet.swift */ = {isa = PBXFileReference; lastKnownFileType = sourcecode.swift; path = ShareSheet.swift; sourceTree = "<group>"; };
		E486ECB2CC579DF44A548B57 /* FileBrowserView.swift */ = {isa = PBXFileReference; lastKnownFileType = sourcecode.swift; path = FileBrowserView.swift; sourceTree = "<group>"; };
		AF2F8FD8E5A04475383D7520 /* ProcessListView.swift */ = {isa = PBXFileReference; lastKnownFileType = sourcecode.swift; path = ProcessListView.swift; sourceTree = "<group>"; };
		BCB7F1A8E5F8DD4EFC02F71B /* SystemMonitorView.swift */ = {isa = PBXFileReference; lastKnownFileType = sourcecode.swift; path = SystemMonitorView.swift; sourceTree = "<group>"; };
		945F42ECB19A53F4F9478825 /* AgentTeamDetailView.swift */ = {isa = PBXFileReference; lastKnownFileType = sourcecode.swift; path = AgentTeamDetailView.swift; sourceTree = "<group>"; };
		D227F0ECCC7544079ED4B25A /* AgentTeamsListView.swift */ = {isa = PBXFileReference; lastKnownFileType = sourcecode.swift; path = AgentTeamsListView.swift; sourceTree = "<group>"; };
		ABFC3D2B58EF012A82625D72 /* CreateTeamView.swift */ = {isa = PBXFileReference; lastKnownFileType = sourcecode.swift; path = CreateTeamView.swift; sourceTree = "<group>"; };
		E76BBE30ECB3AD6766F7E19B /* SpawnTeammateView.swift */ = {isa = PBXFileReference; lastKnownFileType = sourcecode.swift; path = SpawnTeammateView.swift; sourceTree = "<group>"; };
		3A1D5D4F02F0AA0408A58044 /* TeamMessagesView.swift */ = {isa = PBXFileReference; lastKnownFileType = sourcecode.swift; path = TeamMessagesView.swift; sourceTree = "<group>"; };
		983140F1C870DF03B44976FD /* TeamTaskListView.swift */ = {isa = PBXFileReference; lastKnownFileType = sourcecode.swift; path = TeamTaskListView.swift; sourceTree = "<group>"; };
/* End PBXFileReference section */

/* Begin PBXFrameworksBuildPhase section */
		00000000000000000000000D /* Frameworks */ = {
			isa = PBXFrameworksBuildPhase;
			buildActionMask = 2147483647;
			files = (
				000000000000000000000080 /* ILSShared in Frameworks */,
			);
			runOnlyForDeploymentPostprocessing = 0;
		};
		UITEST00000000000000000D /* Frameworks */ = {
			isa = PBXFrameworksBuildPhase;
			buildActionMask = 2147483647;
			files = (
			);
			runOnlyForDeploymentPostprocessing = 0;
		};
/* End PBXFrameworksBuildPhase section */

/* Begin PBXGroup section */
		000000000000000000000007 = {
			isa = PBXGroup;
			children = (
				000000000000000000000015 /* ILSApp */,
				UITEST00000000000000GRP1 /* ILSAppUITests */,
				00000000000000000000000F /* Products */,
			);
			sourceTree = "<group>";
		};
		00000000000000000000000F /* Products */ = {
			isa = PBXGroup;
			children = (
				000000000000000000000010 /* ILSApp.app */,
				UITEST0000000000000000A0 /* ILSAppUITests.xctest */,
			);
			name = Products;
			sourceTree = "<group>";
		};
		000000000000000000000015 /* ILSApp */ = {
			isa = PBXGroup;
			children = (
				D06F9DD809BFFF66E69CFECC /* Utils */,
				77686E73B3743C63FDBEE755 /* Models */,
				000000000000000000000011 /* ILSAppApp.swift */,
				000000000000000000000060 /* Theme */,
				000000000000000000000061 /* Services */,
				000000000000000000000062 /* Views */,
				000000000000000000000063 /* ViewModels */,
				000000000000000000000013 /* Assets.xcassets */,
				000000000000000000000014 /* ILSApp.entitlements */,
			);
			path = ILSApp;
			sourceTree = "<group>";
		};
		000000000000000000000060 /* Theme */ = {
			isa = PBXGroup;
			children = (
				24A1780084465143E77B83A9 /* Themes */,
				35D8FAA694F33B4B52A4662E /* Components */,
				E646B012E1031BE07EC3AE85 /* AppTheme.swift */,
				A6C35A1AF01B923BAC8639C4 /* EntityType.swift */,
				F78875DD4248B1CDF63F4E3F /* GlassCard.swift */,
				000000000000000000000030 /* ILSTheme.swift */,
			);
			path = Theme;
			sourceTree = "<group>";
		};
		000000000000000000000061 /* Services */ = {
			isa = PBXGroup;
			children = (
				8ECED7F266878654DB328099 /* AppLogger.swift */,
				68D23780196172766F35CB6D /* ConnectionManager.swift */,
				07D43A9036A84E0DFD79D0FB /* MetricsWebSocketClient.swift */,
				316D892CFC210479D115ADED /* PollingManager.swift */,
				000000000000000000000031 /* APIClient.swift */,
				000000000000000000000032 /* SSEClient.swift */,
				000000000000000000000058 /* KeychainService.swift */,
			);
			path = Services;
			sourceTree = "<group>";
		};
		000000000000000000000062 /* Views */ = {
			isa = PBXGroup;
			children = (
				002E2717E1489D63DE3BA3C1 /* Teams */,
				732B1B5D37C9D1479BFA2F14 /* System */,
				D2E0992889658943969F59C8 /* Shared */,
				EC1477983018E30926F9AF0F /* Root */,
				7F7B4D441D54649C29E2E119 /* Onboarding */,
				ABC2A47F748371E7161D0CC5 /* Home */,
				8080DDDFA62243683968DECE /* Fleet */,
				07CFDEF57A75887DEC997EA5 /* Browser */,
				000000000000000000000071 /* Chat */,
				000000000000000000000078 /* Dashboard */,
				000000000000000000000072 /* Projects */,
				000000000000000000000073 /* Plugins */,
				000000000000000000000074 /* MCP */,
				000000000000000000000075 /* Skills */,
				000000000000000000000076 /* Sessions */,
				000000000000000000000077 /* Settings */,
			);
			path = Views;
			sourceTree = "<group>";
		};
		000000000000000000000063 /* ViewModels */ = {
			isa = PBXGroup;
			children = (
				6A54B91240C8000141B709D6 /* ConfigEditorViewModel.swift */,
				DDBF713767FFDFDC0AFA524A /* FleetViewModel.swift */,
				B5380873353FE2AB79C3ABC4 /* SSHViewModel.swift */,
				2AAEF05B48BDEA5107C552F7 /* SettingsViewModel.swift */,
				D0DAC1B5C7C15E5474DF74E5 /* SetupViewModel.swift */,
				85377F96EB2A2745911A3DE7 /* SystemMetricsViewModel.swift */,
				B93DBBB36A89B3EFABB0F519 /* TeamsViewModel.swift */,
				000000000000000000000037 /* ChatViewModel.swift */,
				000000000000000000000057 /* DashboardViewModel.swift */,
				00000000000000000000003B /* ProjectsViewModel.swift */,
				00000000000000000000003D /* PluginsViewModel.swift */,
				00000000000000000000003F /* MCPViewModel.swift */,
				000000000000000000000051 /* SkillsViewModel.swift */,
				000000000000000000000055 /* SessionsViewModel.swift */,
			);
			path = ViewModels;
			sourceTree = "<group>";
		};
			000000000000000000000071 /* Chat */ = {
			isa = PBXGroup;
			children = (
				E36C544338A756A76C62B0BD /* AdvancedOptionsSheet.swift */,
				7F160F918D3C3E6A66FD3CF7 /* AssistantCard.swift */,
				3C82A1FD31FB958CA0B37315 /* ChatInputBar.swift */,
				1D0C099514DB8B64B9445B54 /* ChatMessageList.swift */,
				1B746F7EEADC6C249ABC7AF1 /* CodeBlockView.swift */,
				1DB162AD310A5C076A099561 /* ErrorMessageView.swift */,
				D7FF0B118A48A93978CFC6A7 /* MarkdownTextView.swift */,
				31D72D145B0BE37B9D2CB7C6 /* PermissionRequestModal.swift */,
				FA69F5EABB7DAD48181E82A2 /* StreamingIndicatorView.swift */,
				AD2F0EDF4BA3EFA70F031050 /* SystemMessageView.swift */,
				714846E247A750F6E47C0D63 /* UserMessageCard.swift */,
				000000000000000000000034 /* MessageView.swift */,
				000000000000000000000035 /* CommandPaletteView.swift */,
				000000000000000000000036 /* ChatView.swift */,
			);
			path = Chat;
			sourceTree = "<group>";
		};
		000000000000000000000072 /* Projects */ = {
			isa = PBXGroup;
			children = (
			);
			path = Projects;
			sourceTree = "<group>";
		};
		000000000000000000000073 /* Plugins */ = {
			isa = PBXGroup;
			children = (
			);
			path = Plugins;
			sourceTree = "<group>";
		};
		000000000000000000000074 /* MCP */ = {
			isa = PBXGroup;
			children = (
			);
			path = MCP;
			sourceTree = "<group>";
		};
		000000000000000000000075 /* Skills */ = {
			isa = PBXGroup;
			children = (
			);
			path = Skills;
			sourceTree = "<group>";
		};
		000000000000000000000076 /* Sessions */ = {
			isa = PBXGroup;
			children = (
				000000000000000000000054 /* NewSessionView.swift */,
				D49E0C15B3D472F1ED3CB709 /* SessionInfoView.swift */,
			);
			path = Sessions;
			sourceTree = "<group>";
		};
		000000000000000000000077 /* Settings */ = {
			isa = PBXGroup;
			children = (
				87A8CB0B2DBBB8C340DFFF9B /* ConfigEditorView.swift */,
				4AA0F36EDC9D9B54B9FB9F0B /* LogViewerView.swift */,
				F92B3D38FBFF4028F98A8522 /* NotificationPreferencesView.swift */,
				F81B16828890A57FFAEF43EB /* SettingsAboutSection.swift */,
				AF8DA966E4188F014B1878C1 /* SettingsAppearanceSection.swift */,
				2828EA729B849380176FD852 /* SettingsConfigSection.swift */,
				F248ECAE3B7914C220A1721F /* SettingsConnectionSection.swift */,
				99F0BE56EBA36D3A5362A097 /* SettingsViewSections.swift */,
				B8C4B741AE2135753FB0C0D1 /* ThemePickerView.swift */,
				B45FED827E8D4A10767BA9F7 /* TunnelSettingsView.swift */,
				000000000000000000000052 /* SettingsView.swift */,
			);
			path = Settings;
			sourceTree = "<group>";
		};
		000000000000000000000078 /* Dashboard */ = {
			isa = PBXGroup;
			children = (
			);
			path = Dashboard;
			sourceTree = "<group>";
		};
		UITEST00000000000000GRP1 /* ILSAppUITests */ = {
			isa = PBXGroup;
			children = (
				UITEST0000000000000000A1 /* ValidationGateTests.swift */,
				UITEST0000000000000000A2 /* FeatureGateTests.swift */,
				UITEST0000000000000000A3 /* ErrorHandlingTests.swift */,
				UITEST0000000000000000A4 /* NavigationTests.swift */,
			);
			path = ILSAppUITests;
			sourceTree = "<group>";
		};
		77686E73B3743C63FDBEE755 /* Models */ = {
			isa = PBXGroup;
			children = (
				0A75A6A1E93E094C2A22141A /* ChatMessage.swift */,
				68E868BFD71ECDD82CEE973A /* SessionTemplate.swift */,
			);
			path = Models;
			sourceTree = "<group>";
		};
		35D8FAA694F33B4B52A4662E /* Components */ = {
			isa = PBXGroup;
			children = (
				404FB9EC1FC43152160DC00E /* AccentButton.swift */,
				4FB14C482C03119015FD03B8 /* ConnectionBanner.swift */,
				9647FEBD97082EF4E580E819 /* ConnectionSteps.swift */,
				05DE4221EE27B3203B59BECC /* EmptyEntityState.swift */,
				CC6E68AFEB6E3417C2B702DF /* EntityBadge.swift */,
				46B7FDC0358D34B4EEEC9C18 /* ILSCodeHighlighter.swift */,
				176A97B4324BC9B28A7A38ED /* MetricChart.swift */,
				5D69173DDEDBED5A6ECD1237 /* ProgressRing.swift */,
				C884E6BF9A283242E90A7371 /* ShimmerModifier.swift */,
				914F96F9860BCEA2D2203C8B /* SkeletonRow.swift */,
				88B2BBF505E11BBB02E08B03 /* SparklineChart.swift */,
				88AC6758ED08C606C33E5A37 /* StatCard.swift */,
				A1C4B069E13911480675567D /* ThemedCodeBlockView.swift */,
				600723F20D1199D046A412E6 /* ThinkingSection.swift */,
				F154E694997716C0723D7288 /* ToolCallAccordion.swift */,
			);
			path = Components;
			sourceTree = "<group>";
		};
		24A1780084465143E77B83A9 /* Themes */ = {
			isa = PBXGroup;
			children = (
				E84234A891ACE529119F58CE /* CarbonTheme.swift */,
				F24E761C98DE361FC2467F63 /* CrimsonTheme.swift */,
				7CBD78DD4C16CA10A977455C /* ElectricGridTheme.swift */,
				90F445278F6037E701BCCB51 /* EmberTheme.swift */,
				C7AB6395C7F910817102CCDF /* GhostProtocolTheme.swift */,
				596538614070524DAF6215E8 /* GraphiteTheme.swift */,
				CC72F3CE2A50FA6F766AD95D /* MidnightTheme.swift */,
				B71083EA435E8618E91CD95A /* NeonNoirTheme.swift */,
				9D51D945E430A13406EC4C1D /* ObsidianTheme.swift */,
				C869C647DE38A4DE196C259A /* PaperTheme.swift */,
				4CA1BF63893C2951699F7F81 /* SlateTheme.swift */,
				8DBA88661A09FB1E0D77715C /* SnowTheme.swift */,
			);
			path = Themes;
			sourceTree = "<group>";
		};
		D06F9DD809BFFF66E69CFECC /* Utils */ = {
			isa = PBXGroup;
			children = (
				64A4EB5503C775FEB591E78F /* DateFormatters.swift */,
				18707A3FD2AA1A0AB727DAC7 /* MarkdownParser.swift */,
				08C3D60A2FA5E69E463474BD /* SyntaxHighlighter.swift */,
			);
			path = Utils;
			sourceTree = "<group>";
		};
		07CFDEF57A75887DEC997EA5 /* Browser */ = {
			isa = PBXGroup;
			children = (
				31B2EC2E456CA5EBA4AC2260 /* BrowserView.swift */,
				643FE91209B089D6EF98A7F4 /* MCPServerDetailView.swift */,
				08A5265668B2D81D8965FE50 /* SkillDetailView.swift */,
			);
			path = Browser;
			sourceTree = "<group>";
		};
		8080DDDFA62243683968DECE /* Fleet */ = {
			isa = PBXGroup;
			children = (
				513651685EA0E7CC8898DAD1 /* FleetHostDetailView.swift */,
				F11ABB1239D924790A5E68A6 /* FleetManagementView.swift */,
			);
			path = Fleet;
			sourceTree = "<group>";
		};
		ABC2A47F748371E7161D0CC5 /* Home */ = {
			isa = PBXGroup;
			children = (
				DC242D8CC1E4A5613B7CEDCD /* HomeView.swift */,
			);
			path = Home;
			sourceTree = "<group>";
		};
		7F7B4D441D54649C29E2E119 /* Onboarding */ = {
			isa = PBXGroup;
			children = (
				BC7CB018B2A032F766F6FCD0 /* ConnectionMode.swift */,
				406254A64496DEF1F970EE04 /* OnboardingView.swift */,
				9C261A908015242C5D54D873 /* QuickConnectView.swift */,
				8E1CED88D56BBEC870B1B0DB /* SSHSetupView.swift */,
				79A3E3B4EA468729CCA1D50F /* ServerSetupSheet.swift */,
			);
			path = Onboarding;
			sourceTree = "<group>";
		};
		EC1477983018E30926F9AF0F /* Root */ = {
			isa = PBXGroup;
			children = (
				05C3E2ACE286EF2002ABE3D2 /* SidebarRootView.swift */,
				8CD8CEAC83EC5A7D27885F4C /* SidebarSessionRow.swift */,
				000000000000000000000033 /* SidebarView.swift */,
			);
			path = Root;
			sourceTree = "<group>";
		};
		D2E0992889658943969F59C8 /* Shared */ = {
			isa = PBXGroup;
			children = (
				9A3B8885FF196634D0E877E2 /* ShareSheet.swift */,
			);
			path = Shared;
			sourceTree = "<group>";
		};
		732B1B5D37C9D1479BFA2F14 /* System */ = {
			isa = PBXGroup;
			children = (
				E486ECB2CC579DF44A548B57 /* FileBrowserView.swift */,
				AF2F8FD8E5A04475383D7520 /* ProcessListView.swift */,
				BCB7F1A8E5F8DD4EFC02F71B /* SystemMonitorView.swift */,
			);
			path = System;
			sourceTree = "<group>";
		};
		002E2717E1489D63DE3BA3C1 /* Teams */ = {
			isa = PBXGroup;
			children = (
				945F42ECB19A53F4F9478825 /* AgentTeamDetailView.swift */,
				D227F0ECCC7544079ED4B25A /* AgentTeamsListView.swift */,
				ABFC3D2B58EF012A82625D72 /* CreateTeamView.swift */,
				E76BBE30ECB3AD6766F7E19B /* SpawnTeammateView.swift */,
				3A1D5D4F02F0AA0408A58044 /* TeamMessagesView.swift */,
				983140F1C870DF03B44976FD /* TeamTaskListView.swift */,
			);
			path = Teams;
			sourceTree = "<group>";
		};
/* End PBXGroup section */

/* Begin PBXNativeTarget section */
		00000000000000000000000E /* ILSApp */ = {
			isa = PBXNativeTarget;
			buildConfigurationList = 00000000000000000000001D /* Build configuration list for PBXNativeTarget "ILSApp" */;
			buildPhases = (
				00000000000000000000000B /* Sources */,
				00000000000000000000000C /* Resources */,
				00000000000000000000000D /* Frameworks */,
			);
			buildRules = (
			);
			dependencies = (
			);
			name = ILSApp;
			packageProductDependencies = (
				000000000000000000000090 /* ILSShared */,
				AABB000000000000MRKDPROD /* MarkdownUI */,
				AABB000000000000HLGTPROD /* HighlightSwift */,
			);
			productName = ILSApp;
			productReference = 000000000000000000000010 /* ILSApp.app */;
			productType = "com.apple.product-type.application";
		};
		UITEST000000000000TARGET /* ILSAppUITests */ = {
			isa = PBXNativeTarget;
			buildConfigurationList = UITEST000000000000CFGLST /* Build configuration list for PBXNativeTarget "ILSAppUITests" */;
			buildPhases = (
				UITEST00000000000000000B /* Sources */,
				UITEST00000000000000000D /* Frameworks */,
			);
			buildRules = (
			);
			dependencies = (
				UITEST00000000000000DEP1 /* PBXTargetDependency */,
			);
			name = ILSAppUITests;
			productName = ILSAppUITests;
			productReference = UITEST0000000000000000A0 /* ILSAppUITests.xctest */;
			productType = "com.apple.product-type.bundle.ui-testing";
		};
/* End PBXNativeTarget section */

/* Begin PBXProject section */
		000000000000000000000008 /* Project object */ = {
			isa = PBXProject;
			attributes = {
				BuildIndependentTargetsInParallel = 1;
				LastSwiftUpdateCheck = 1540;
				LastUpgradeCheck = 1540;
				TargetAttributes = {
					00000000000000000000000E = {
						CreatedOnToolsVersion = 15.4;
					};
					UITEST000000000000TARGET = {
						CreatedOnToolsVersion = 15.4;
						TestTargetID = 00000000000000000000000E;
					};
				};
			};
			buildConfigurationList = 00000000000000000000000A /* Build configuration list for PBXProject "ILSApp" */;
			compatibilityVersion = "Xcode 14.0";
			developmentRegion = en;
			hasScannedForEncodings = 0;
			knownRegions = (
				en,
				Base,
			);
			mainGroup = 000000000000000000000007;
			packageReferences = (
				0000000000000000000000A0 /* XCLocalSwiftPackageReference ".." */,
				AABB000000000000MRKDWNUI /* XCRemoteSwiftPackageReference "swift-markdown-ui" */,
				AABB000000000000HLGHTSWF /* XCRemoteSwiftPackageReference "HighlightSwift" */,
			);
			productRefGroup = 00000000000000000000000F /* Products */;
			projectDirPath = "";
			projectRoot = "";
			targets = (
				00000000000000000000000E /* ILSApp */,
				UITEST000000000000TARGET /* ILSAppUITests */,
			);
		};
/* End PBXProject section */

/* Begin PBXResourcesBuildPhase section */
		00000000000000000000000C /* Resources */ = {
			isa = PBXResourcesBuildPhase;
			buildActionMask = 2147483647;
			files = (
				000000000000000000000003 /* Assets.xcassets in Resources */,
			);
			runOnlyForDeploymentPostprocessing = 0;
		};
/* End PBXResourcesBuildPhase section */

/* Begin PBXSourcesBuildPhase section */
		00000000000000000000000B /* Sources */ = {
			isa = PBXSourcesBuildPhase;
			buildActionMask = 2147483647;
			files = (
				D34A88018CCE7AA8255FB0BD /* ChatMessage.swift in Sources */,
				F3715C9DCBFBBC335848726F /* SessionTemplate.swift in Sources */,
				E9A37AD71576735993B071D2 /* AppLogger.swift in Sources */,
				94B94BE946A15579D7B88B5A /* ConnectionManager.swift in Sources */,
				3CD7FD7530A8F540D8127499 /* MetricsWebSocketClient.swift in Sources */,
				7D2B5BF30DBE3F10F8CD2453 /* PollingManager.swift in Sources */,
				C4EE8AE6E9C9631B0D70DA79 /* AppTheme.swift in Sources */,
				FAD2474A62D790E902F76F23 /* AccentButton.swift in Sources */,
				9F5F230268E1674416C1A711 /* ConnectionBanner.swift in Sources */,
				F813749BF82499F61FED3860 /* ConnectionSteps.swift in Sources */,
				9F793DB9C2F90BCCB54E4106 /* EmptyEntityState.swift in Sources */,
				3D820953E9586FA35D41623F /* EntityBadge.swift in Sources */,
				AA4E776EB02536BEF92C4160 /* ILSCodeHighlighter.swift in Sources */,
				9C3AD7E50A6072EAA82D8807 /* MetricChart.swift in Sources */,
				0309F13EF0879D4D73863C7B /* ProgressRing.swift in Sources */,
				0DE80118BB6CEC1B5AF70670 /* ShimmerModifier.swift in Sources */,
				9E3F86B1ABCDF132A0A9A20B /* SkeletonRow.swift in Sources */,
				794B7AF73F50B247FD03D4A2 /* SparklineChart.swift in Sources */,
				9D434E599915EF796DE9ECAF /* StatCard.swift in Sources */,
				17D47E0F11EB7F5E1DBDAE1C /* ThemedCodeBlockView.swift in Sources */,
				715BBC71AAB953377FDCC7D7 /* ThinkingSection.swift in Sources */,
				1E7B36883D5F94DD16D2AF7B /* ToolCallAccordion.swift in Sources */,
				93B0FC27012EEE7F03DBDF36 /* EntityType.swift in Sources */,
				B575D582B74FF39306FACDC0 /* GlassCard.swift in Sources */,
				9409B1ECC09FA2201DBEC9C4 /* CarbonTheme.swift in Sources */,
				03CD6D445F38473A52D62B34 /* CrimsonTheme.swift in Sources */,
				7BCC8141CA53B94BFD92AD7F /* ElectricGridTheme.swift in Sources */,
				41AAD3BD74F6DCD58ECF4084 /* EmberTheme.swift in Sources */,
				4C7CDE94F499B203DC2C94F8 /* GhostProtocolTheme.swift in Sources */,
				7CC96EA9B9D85D952667780F /* GraphiteTheme.swift in Sources */,
				3B96869CD99204096BF5C083 /* MidnightTheme.swift in Sources */,
				14DA87548837CBE450867AD7 /* NeonNoirTheme.swift in Sources */,
				0B70201ACF9A085E978D00F2 /* ObsidianTheme.swift in Sources */,
				C787D3D5487379B9AE20EEF3 /* PaperTheme.swift in Sources */,
				69C2918F43B38C414425A7D6 /* SlateTheme.swift in Sources */,
				3D3FB9905F889658B7B1AA94 /* SnowTheme.swift in Sources */,
				E87AB3B865DA0C2EAED50792 /* DateFormatters.swift in Sources */,
				38F73BABFDAFBA3E2E87D91A /* MarkdownParser.swift in Sources */,
				AE75671879852910CE23123B /* SyntaxHighlighter.swift in Sources */,
				72F0CAFCC8120ED4EF9C9936 /* ConfigEditorViewModel.swift in Sources */,
				150AF84A38053722383DD27C /* FleetViewModel.swift in Sources */,
				0DF6EFADF88973E4904FAFB5 /* SSHViewModel.swift in Sources */,
				D591F2EA70DF658781ED58BA /* SettingsViewModel.swift in Sources */,
				DBD505C11400E2A3C98AAD96 /* SetupViewModel.swift in Sources */,
				45D2E1ADAFF7D33A5B6B5440 /* SystemMetricsViewModel.swift in Sources */,
				BE905C2CC823E891F01261EA /* TeamsViewModel.swift in Sources */,
				53D5C777952C6DCDBB3B3A74 /* BrowserView.swift in Sources */,
				B704628AE848E75C17164755 /* MCPServerDetailView.swift in Sources */,
				250522B41C4602367DEA3652 /* SkillDetailView.swift in Sources */,
				00B429CB2D342AEB4F96EF8B /* AdvancedOptionsSheet.swift in Sources */,
				A47EF47B6584DA1772C1B2E4 /* AssistantCard.swift in Sources */,
				A5FEF1BAB6DEAF0F063D3C8C /* ChatInputBar.swift in Sources */,
				B42025C6D2E0EBA96A0A2D58 /* ChatMessageList.swift in Sources */,
				6293B7B83235F79EDFF7E9F0 /* CodeBlockView.swift in Sources */,
				98C519E9DCB32BBF482EE02F /* ErrorMessageView.swift in Sources */,
				5124024EBDF37314726DEF2B /* MarkdownTextView.swift in Sources */,
				8944EE678644ACFB869FBECA /* PermissionRequestModal.swift in Sources */,
				8EEE5F3E2C9698E265FDE599 /* StreamingIndicatorView.swift in Sources */,
				731E5B552056E39FCF048C8E /* SystemMessageView.swift in Sources */,
				692A10C327604DF500E84E80 /* UserMessageCard.swift in Sources */,
				270C243E8DCF9F96A0C28A9B /* FleetHostDetailView.swift in Sources */,
				DED9A10B29F2B803414B320B /* FleetManagementView.swift in Sources */,
				62E0C671D508BEC6E50D59A7 /* HomeView.swift in Sources */,
				F60B78BB148185FAA48F9F21 /* ConnectionMode.swift in Sources */,
				23C5C10511914E873F25D02A /* OnboardingView.swift in Sources */,
				8846A021CFEDA853BE444DEA /* QuickConnectView.swift in Sources */,
				BF73A9C09CEB2E20F87D5775 /* SSHSetupView.swift in Sources */,
				70F99133E1764FEE8F04452D /* ServerSetupSheet.swift in Sources */,
				A56C1B1105B3ED28794C1CCD /* SidebarRootView.swift in Sources */,
				38800FC1A1CEACBCE2FB40C2 /* SidebarSessionRow.swift in Sources */,
				BEF97056DD3D5B165937ACD0 /* ConfigEditorView.swift in Sources */,
				1ACC25BCF82C50EAE246AC24 /* LogViewerView.swift in Sources */,
				AC4DF5B57A98C42375042DAE /* NotificationPreferencesView.swift in Sources */,
				ED476DE29313A1B890DD8002 /* SettingsAboutSection.swift in Sources */,
				5915E7E1601A0CECF847E25C /* SettingsAppearanceSection.swift in Sources */,
				BEA45DB54CC6BB12B3D77686 /* SettingsConfigSection.swift in Sources */,
				A605FC1978157CF0D86AC20F /* SettingsConnectionSection.swift in Sources */,
				BEC595A8ECA024005B2D4558 /* SettingsViewSections.swift in Sources */,
				217815DAE984F0F3F42E461A /* ThemePickerView.swift in Sources */,
				08CFC3121934AB0D79DAD464 /* TunnelSettingsView.swift in Sources */,
				56259D78B90C1CE057A841E5 /* ShareSheet.swift in Sources */,
				3114F99E981FCA3103211901 /* FileBrowserView.swift in Sources */,
				141E2F6EDEAE1FBCF6970624 /* ProcessListView.swift in Sources */,
				8E0DCFBF0B12F1E40DB7930F /* SystemMonitorView.swift in Sources */,
				8B95D86DE76976240EE2D1BD /* AgentTeamDetailView.swift in Sources */,
				3A51281E9907EBB3211B410B /* AgentTeamsListView.swift in Sources */,
				4A1DD83C5C7AE91DB734C7DD /* CreateTeamView.swift in Sources */,
				8E3C4D1FE5E52E62189CE46D /* SpawnTeammateView.swift in Sources */,
				9DFF522F6CFBB6EF3824135F /* TeamMessagesView.swift in Sources */,
				CDB2BDA0F5452052654D5D35 /* TeamTaskListView.swift in Sources */,
				000000000000000000000001 /* ILSAppApp.swift in Sources */,
				000000000000000000000020 /* ILSTheme.swift in Sources */,
				000000000000000000000021 /* APIClient.swift in Sources */,
				000000000000000000000022 /* SSEClient.swift in Sources */,
				000000000000000000000048 /* KeychainService.swift in Sources */,
				000000000000000000000023 /* SidebarView.swift in Sources */,
				000000000000000000000024 /* MessageView.swift in Sources */,
				000000000000000000000025 /* CommandPaletteView.swift in Sources */,
				000000000000000000000026 /* ChatView.swift in Sources */,
				000000000000000000000027 /* ChatViewModel.swift in Sources */,
				000000000000000000000047 /* DashboardViewModel.swift in Sources */,
				00000000000000000000002B /* ProjectsViewModel.swift in Sources */,
				00000000000000000000002D /* PluginsViewModel.swift in Sources */,
				00000000000000000000002F /* MCPViewModel.swift in Sources */,
				000000000000000000000041 /* SkillsViewModel.swift in Sources */,
				000000000000000000000042 /* SettingsView.swift in Sources */,
				000000000000000000000044 /* NewSessionView.swift in Sources */,
				000000000000000000000045 /* SessionsViewModel.swift in Sources */,
				76A4CB36EF4500608662F95F /* SessionInfoView.swift in Sources */,
			);
			runOnlyForDeploymentPostprocessing = 0;
		};
		UITEST00000000000000000B /* Sources */ = {
			isa = PBXSourcesBuildPhase;
			buildActionMask = 2147483647;
			files = (
				UITEST0000000000000000B1 /* ValidationGateTests.swift in Sources */,
				UITEST0000000000000000B2 /* FeatureGateTests.swift in Sources */,
				UITEST0000000000000000B3 /* ErrorHandlingTests.swift in Sources */,
				UITEST0000000000000000B4 /* NavigationTests.swift in Sources */,
			);
			runOnlyForDeploymentPostprocessing = 0;
		};
/* End PBXSourcesBuildPhase section */

/* Begin PBXTargetDependency section */
		UITEST00000000000000DEP1 /* PBXTargetDependency */ = {
			isa = PBXTargetDependency;
			target = 00000000000000000000000E /* ILSApp */;
			targetProxy = UITEST0000000000000PROXY /* PBXContainerItemProxy */;
		};
/* End PBXTargetDependency section */

/* Begin XCBuildConfiguration section */
		000000000000000000000019 /* Debug */ = {
			isa = XCBuildConfiguration;
			buildSettings = {
				ALWAYS_SEARCH_USER_PATHS = NO;
				ASSETCATALOG_COMPILER_GENERATE_SWIFT_ASSET_SYMBOL_EXTENSIONS = YES;
				CLANG_ANALYZER_NONNULL = YES;
				CLANG_ANALYZER_NUMBER_OBJECT_CONVERSION = YES_AGGRESSIVE;
				CLANG_CXX_LANGUAGE_STANDARD = "gnu++20";
				CLANG_ENABLE_MODULES = YES;
				CLANG_ENABLE_OBJC_ARC = YES;
				CLANG_ENABLE_OBJC_WEAK = YES;
				CLANG_WARN_BLOCK_CAPTURE_AUTORELEASING = YES;
				CLANG_WARN_BOOL_CONVERSION = YES;
				CLANG_WARN_COMMA = YES;
				CLANG_WARN_CONSTANT_CONVERSION = YES;
				CLANG_WARN_DEPRECATED_OBJC_IMPLEMENTATIONS = YES;
				CLANG_WARN_DIRECT_OBJC_ISA_USAGE = YES_ERROR;
				CLANG_WARN_DOCUMENTATION_COMMENTS = YES;
				CLANG_WARN_EMPTY_BODY = YES;
				CLANG_WARN_ENUM_CONVERSION = YES;
				CLANG_WARN_INFINITE_RECURSION = YES;
				CLANG_WARN_INT_CONVERSION = YES;
				CLANG_WARN_NON_LITERAL_NULL_CONVERSION = YES;
				CLANG_WARN_OBJC_IMPLICIT_RETAIN_SELF = YES;
				CLANG_WARN_OBJC_LITERAL_CONVERSION = YES;
				CLANG_WARN_OBJC_ROOT_CLASS = YES_ERROR;
				CLANG_WARN_QUOTED_INCLUDE_IN_FRAMEWORK_HEADER = YES;
				CLANG_WARN_RANGE_LOOP_ANALYSIS = YES;
				CLANG_WARN_STRICT_PROTOTYPES = YES;
				CLANG_WARN_SUSPICIOUS_MOVE = YES;
				CLANG_WARN_UNGUARDED_AVAILABILITY = YES_AGGRESSIVE;
				CLANG_WARN_UNREACHABLE_CODE = YES;
				CLANG_WARN__DUPLICATE_METHOD_MATCH = YES;
				COPY_PHASE_STRIP = NO;
				DEBUG_INFORMATION_FORMAT = dwarf;
				ENABLE_STRICT_OBJC_MSGSEND = YES;
				ENABLE_TESTABILITY = YES;
				ENABLE_USER_SCRIPT_SANDBOXING = YES;
				GCC_C_LANGUAGE_STANDARD = gnu17;
				GCC_DYNAMIC_NO_PIC = NO;
				GCC_NO_COMMON_BLOCKS = YES;
				GCC_OPTIMIZATION_LEVEL = 0;
				GCC_PREPROCESSOR_DEFINITIONS = (
					"DEBUG=1",
					"$(inherited)",
				);
				GCC_WARN_64_TO_32_BIT_CONVERSION = YES;
				GCC_WARN_ABOUT_RETURN_TYPE = YES_ERROR;
				GCC_WARN_UNDECLARED_SELECTOR = YES;
				GCC_WARN_UNINITIALIZED_AUTOS = YES_AGGRESSIVE;
				GCC_WARN_UNUSED_FUNCTION = YES;
				GCC_WARN_UNUSED_VARIABLE = YES;
				IPHONEOS_DEPLOYMENT_TARGET = 17.0;
				LOCALIZATION_PREFERS_STRING_CATALOGS = YES;
				MTL_ENABLE_DEBUG_INFO = INCLUDE_SOURCE;
				MTL_FAST_MATH = YES;
				ONLY_ACTIVE_ARCH = YES;
				SDKROOT = iphoneos;
				SWIFT_ACTIVE_COMPILATION_CONDITIONS = "DEBUG $(inherited)";
				SWIFT_OPTIMIZATION_LEVEL = "-Onone";
			};
			name = Debug;
		};
		00000000000000000000001A /* Release */ = {
			isa = XCBuildConfiguration;
			buildSettings = {
				ALWAYS_SEARCH_USER_PATHS = NO;
				ASSETCATALOG_COMPILER_GENERATE_SWIFT_ASSET_SYMBOL_EXTENSIONS = YES;
				CLANG_ANALYZER_NONNULL = YES;
				CLANG_ANALYZER_NUMBER_OBJECT_CONVERSION = YES_AGGRESSIVE;
				CLANG_CXX_LANGUAGE_STANDARD = "gnu++20";
				CLANG_ENABLE_MODULES = YES;
				CLANG_ENABLE_OBJC_ARC = YES;
				CLANG_ENABLE_OBJC_WEAK = YES;
				CLANG_WARN_BLOCK_CAPTURE_AUTORELEASING = YES;
				CLANG_WARN_BOOL_CONVERSION = YES;
				CLANG_WARN_COMMA = YES;
				CLANG_WARN_CONSTANT_CONVERSION = YES;
				CLANG_WARN_DEPRECATED_OBJC_IMPLEMENTATIONS = YES;
				CLANG_WARN_DIRECT_OBJC_ISA_USAGE = YES_ERROR;
				CLANG_WARN_DOCUMENTATION_COMMENTS = YES;
				CLANG_WARN_EMPTY_BODY = YES;
				CLANG_WARN_ENUM_CONVERSION = YES;
				CLANG_WARN_INFINITE_RECURSION = YES;
				CLANG_WARN_INT_CONVERSION = YES;
				CLANG_WARN_NON_LITERAL_NULL_CONVERSION = YES;
				CLANG_WARN_OBJC_IMPLICIT_RETAIN_SELF = YES;
				CLANG_WARN_OBJC_LITERAL_CONVERSION = YES;
				CLANG_WARN_OBJC_ROOT_CLASS = YES_ERROR;
				CLANG_WARN_QUOTED_INCLUDE_IN_FRAMEWORK_HEADER = YES;
				CLANG_WARN_RANGE_LOOP_ANALYSIS = YES;
				CLANG_WARN_STRICT_PROTOTYPES = YES;
				CLANG_WARN_SUSPICIOUS_MOVE = YES;
				CLANG_WARN_UNGUARDED_AVAILABILITY = YES_AGGRESSIVE;
				CLANG_WARN_UNREACHABLE_CODE = YES;
				CLANG_WARN__DUPLICATE_METHOD_MATCH = YES;
				COPY_PHASE_STRIP = NO;
				DEBUG_INFORMATION_FORMAT = "dwarf-with-dsym";
				ENABLE_NS_ASSERTIONS = NO;
				ENABLE_STRICT_OBJC_MSGSEND = YES;
				ENABLE_USER_SCRIPT_SANDBOXING = YES;
				GCC_C_LANGUAGE_STANDARD = gnu17;
				GCC_NO_COMMON_BLOCKS = YES;
				GCC_WARN_64_TO_32_BIT_CONVERSION = YES;
				GCC_WARN_ABOUT_RETURN_TYPE = YES_ERROR;
				GCC_WARN_UNDECLARED_SELECTOR = YES;
				GCC_WARN_UNINITIALIZED_AUTOS = YES_AGGRESSIVE;
				GCC_WARN_UNUSED_FUNCTION = YES;
				GCC_WARN_UNUSED_VARIABLE = YES;
				IPHONEOS_DEPLOYMENT_TARGET = 17.0;
				LOCALIZATION_PREFERS_STRING_CATALOGS = YES;
				MTL_ENABLE_DEBUG_INFO = NO;
				MTL_FAST_MATH = YES;
				SDKROOT = iphoneos;
				SWIFT_COMPILATION_MODE = wholemodule;
				VALIDATE_PRODUCT = YES;
			};
			name = Release;
		};
		00000000000000000000001B /* Debug */ = {
			isa = XCBuildConfiguration;
			buildSettings = {
				ASSETCATALOG_COMPILER_APPICON_NAME = AppIcon;
				ASSETCATALOG_COMPILER_GLOBAL_ACCENT_COLOR_NAME = AccentColor;
				CODE_SIGN_ENTITLEMENTS = ILSApp/ILSApp.entitlements;
				CODE_SIGN_STYLE = Automatic;
				CURRENT_PROJECT_VERSION = 1;
				DEVELOPMENT_TEAM = HC36V7B67Z;
				ENABLE_PREVIEWS = YES;
				GENERATE_INFOPLIST_FILE = YES;
				INFOPLIST_KEY_NSLocalNetworkUsageDescription = "ILS needs to connect to the backend server on your local network.";
				INFOPLIST_KEY_UIApplicationSceneManifest_Generation = YES;
				INFOPLIST_KEY_UIApplicationSupportsIndirectInputEvents = YES;
				INFOPLIST_KEY_UILaunchScreen_Generation = YES;
				INFOPLIST_KEY_UISupportedInterfaceOrientations_iPad = "UIInterfaceOrientationPortrait UIInterfaceOrientationPortraitUpsideDown UIInterfaceOrientationLandscapeLeft UIInterfaceOrientationLandscapeRight";
				INFOPLIST_KEY_UISupportedInterfaceOrientations_iPhone = "UIInterfaceOrientationPortrait UIInterfaceOrientationLandscapeLeft UIInterfaceOrientationLandscapeRight";
				LD_RUNPATH_SEARCH_PATHS = (
					"$(inherited)",
					"@executable_path/Frameworks",
				);
				MARKETING_VERSION = 1.0;
				PRODUCT_BUNDLE_IDENTIFIER = com.ils.app;
				PRODUCT_NAME = "$(TARGET_NAME)";
				SWIFT_EMIT_LOC_STRINGS = YES;
				SWIFT_VERSION = 5.0;
				TARGETED_DEVICE_FAMILY = "1,2";
			};
			name = Debug;
		};
		00000000000000000000001C /* Release */ = {
			isa = XCBuildConfiguration;
			buildSettings = {
				ASSETCATALOG_COMPILER_APPICON_NAME = AppIcon;
				ASSETCATALOG_COMPILER_GLOBAL_ACCENT_COLOR_NAME = AccentColor;
				CODE_SIGN_ENTITLEMENTS = ILSApp/ILSApp.entitlements;
				CODE_SIGN_STYLE = Automatic;
				CURRENT_PROJECT_VERSION = 1;
				DEVELOPMENT_TEAM = HC36V7B67Z;
				ENABLE_PREVIEWS = YES;
				GENERATE_INFOPLIST_FILE = YES;
				INFOPLIST_KEY_NSLocalNetworkUsageDescription = "ILS needs to connect to the backend server on your local network.";
				INFOPLIST_KEY_UIApplicationSceneManifest_Generation = YES;
				INFOPLIST_KEY_UIApplicationSupportsIndirectInputEvents = YES;
				INFOPLIST_KEY_UILaunchScreen_Generation = YES;
				INFOPLIST_KEY_UISupportedInterfaceOrientations_iPad = "UIInterfaceOrientationPortrait UIInterfaceOrientationPortraitUpsideDown UIInterfaceOrientationLandscapeLeft UIInterfaceOrientationLandscapeRight";
				INFOPLIST_KEY_UISupportedInterfaceOrientations_iPhone = "UIInterfaceOrientationPortrait UIInterfaceOrientationLandscapeLeft UIInterfaceOrientationLandscapeRight";
				LD_RUNPATH_SEARCH_PATHS = (
					"$(inherited)",
					"@executable_path/Frameworks",
				);
				MARKETING_VERSION = 1.0;
				PRODUCT_BUNDLE_IDENTIFIER = com.ils.app;
				PRODUCT_NAME = "$(TARGET_NAME)";
				SWIFT_EMIT_LOC_STRINGS = YES;
				SWIFT_VERSION = 5.0;
				TARGETED_DEVICE_FAMILY = "1,2";
			};
			name = Release;
		};
		UITEST00000000000000CFG1 /* Debug */ = {
			isa = XCBuildConfiguration;
			buildSettings = {
				CODE_SIGN_STYLE = Automatic;
				CURRENT_PROJECT_VERSION = 1;
				DEVELOPMENT_TEAM = "";
				GENERATE_INFOPLIST_FILE = YES;
				IPHONEOS_DEPLOYMENT_TARGET = 17.0;
				LD_RUNPATH_SEARCH_PATHS = (
					"$(inherited)",
					"@executable_path/Frameworks",
					"@loader_path/Frameworks",
				);
				MARKETING_VERSION = 1.0;
				PRODUCT_BUNDLE_IDENTIFIER = com.ils.app.uitests;
				PRODUCT_NAME = "$(TARGET_NAME)";
				SWIFT_EMIT_LOC_STRINGS = NO;
				SWIFT_VERSION = 5.0;
				TARGETED_DEVICE_FAMILY = "1,2";
				TEST_TARGET_NAME = ILSApp;
			};
			name = Debug;
		};
		UITEST00000000000000CFG2 /* Release */ = {
			isa = XCBuildConfiguration;
			buildSettings = {
				CODE_SIGN_STYLE = Automatic;
				CURRENT_PROJECT_VERSION = 1;
				DEVELOPMENT_TEAM = "";
				GENERATE_INFOPLIST_FILE = YES;
				IPHONEOS_DEPLOYMENT_TARGET = 17.0;
				LD_RUNPATH_SEARCH_PATHS = (
					"$(inherited)",
					"@executable_path/Frameworks",
					"@loader_path/Frameworks",
				);
				MARKETING_VERSION = 1.0;
				PRODUCT_BUNDLE_IDENTIFIER = com.ils.app.uitests;
				PRODUCT_NAME = "$(TARGET_NAME)";
				SWIFT_EMIT_LOC_STRINGS = NO;
				SWIFT_VERSION = 5.0;
				TARGETED_DEVICE_FAMILY = "1,2";
				TEST_TARGET_NAME = ILSApp;
			};
			name = Release;
		};
/* End XCBuildConfiguration section */

/* Begin XCConfigurationList section */
		00000000000000000000000A /* Build configuration list for PBXProject "ILSApp" */ = {
			isa = XCConfigurationList;
			buildConfigurations = (
				000000000000000000000019 /* Debug */,
				00000000000000000000001A /* Release */,
			);
			defaultConfigurationIsVisible = 0;
			defaultConfigurationName = Release;
		};
		00000000000000000000001D /* Build configuration list for PBXNativeTarget "ILSApp" */ = {
			isa = XCConfigurationList;
			buildConfigurations = (
				00000000000000000000001B /* Debug */,
				00000000000000000000001C /* Release */,
			);
			defaultConfigurationIsVisible = 0;
			defaultConfigurationName = Release;
		};
		UITEST000000000000CFGLST /* Build configuration list for PBXNativeTarget "ILSAppUITests" */ = {
			isa = XCConfigurationList;
			buildConfigurations = (
				UITEST00000000000000CFG1 /* Debug */,
				UITEST00000000000000CFG2 /* Release */,
			);
			defaultConfigurationIsVisible = 0;
			defaultConfigurationName = Release;
		};
/* End XCConfigurationList section */

/* Begin XCLocalSwiftPackageReference section */
		0000000000000000000000A0 /* XCLocalSwiftPackageReference ".." */ = {
			isa = XCLocalSwiftPackageReference;
			relativePath = ..;
		};
/* End XCLocalSwiftPackageReference section */

/* Begin XCRemoteSwiftPackageReference section */
		AABB000000000000MRKDWNUI /* XCRemoteSwiftPackageReference "swift-markdown-ui" */ = {
			isa = XCRemoteSwiftPackageReference;
			repositoryURL = "https://github.com/gonzalezreal/swift-markdown-ui";
			requirement = {
				kind = upToNextMajorVersion;
				minimumVersion = 2.4.1;
			};
		};
		AABB000000000000HLGHTSWF /* XCRemoteSwiftPackageReference "HighlightSwift" */ = {
			isa = XCRemoteSwiftPackageReference;
			repositoryURL = "https://github.com/appstefan/HighlightSwift";
			requirement = {
				kind = upToNextMajorVersion;
				minimumVersion = 1.0.0;
			};
		};
/* End XCRemoteSwiftPackageReference section */

/* Begin XCSwiftPackageProductDependency section */
		000000000000000000000090 /* ILSShared */ = {
			isa = XCSwiftPackageProductDependency;
			package = 0000000000000000000000A0 /* XCLocalSwiftPackageReference ".." */;
			productName = ILSShared;
		};
		AABB000000000000MRKDPROD /* MarkdownUI */ = {
			isa = XCSwiftPackageProductDependency;
			package = AABB000000000000MRKDWNUI /* XCRemoteSwiftPackageReference "swift-markdown-ui" */;
			productName = MarkdownUI;
		};
		AABB000000000000HLGTPROD /* HighlightSwift */ = {
			isa = XCSwiftPackageProductDependency;
			package = AABB000000000000HLGHTSWF /* XCRemoteSwiftPackageReference "HighlightSwift" */;
			productName = HighlightSwift;
		};
/* End XCSwiftPackageProductDependency section */
	};
	rootObject = 000000000000000000000008 /* Project object */;
}
