// !$*UTF8*$!
{
	archiveVersion = 1;
	classes = {
	};
	objectVersion = 60;
	objects = {

/* Begin PBXBuildFile section */
		000000000000000000000001 /* ILSAppApp.swift in Sources */ = {isa = PBXBuildFile; fileRef = 000000000000000000000011 /* ILSAppApp.swift */; };
		000000000000000000000002 /* ContentView.swift in Sources */ = {isa = PBXBuildFile; fileRef = 000000000000000000000012 /* ContentView.swift */; };
		000000000000000000000003 /* Assets.xcassets in Resources */ = {isa = PBXBuildFile; fileRef = 000000000000000000000013 /* Assets.xcassets */; };
		000000000000000000000020 /* ILSTheme.swift in Sources */ = {isa = PBXBuildFile; fileRef = 000000000000000000000030 /* ILSTheme.swift */; };
		000000000000000000000021 /* APIClient.swift in Sources */ = {isa = PBXBuildFile; fileRef = 000000000000000000000031 /* APIClient.swift */; };
		000000000000000000000022 /* SSEClient.swift in Sources */ = {isa = PBXBuildFile; fileRef = 000000000000000000000032 /* SSEClient.swift */; };
		000000000000000000000023 /* SidebarView.swift in Sources */ = {isa = PBXBuildFile; fileRef = 000000000000000000000033 /* SidebarView.swift */; };
		000000000000000000000024 /* MessageView.swift in Sources */ = {isa = PBXBuildFile; fileRef = 000000000000000000000034 /* MessageView.swift */; };
		MARKDOWN0000000000000001 /* MarkdownTextView.swift in Sources */ = {isa = PBXBuildFile; fileRef = MARKDOWN0000000000000002 /* MarkdownTextView.swift */; };
		000000000000000000000025 /* CommandPaletteView.swift in Sources */ = {isa = PBXBuildFile; fileRef = 000000000000000000000035 /* CommandPaletteView.swift */; };
		000000000000000000000026 /* ChatView.swift in Sources */ = {isa = PBXBuildFile; fileRef = 000000000000000000000036 /* ChatView.swift */; };
		000000000000000000000027 /* ChatViewModel.swift in Sources */ = {isa = PBXBuildFile; fileRef = 000000000000000000000037 /* ChatViewModel.swift */; };
		000000000000000000000028 /* ProjectsListView.swift in Sources */ = {isa = PBXBuildFile; fileRef = 000000000000000000000038 /* ProjectsListView.swift */; };
		000000000000000000000029 /* NewProjectView.swift in Sources */ = {isa = PBXBuildFile; fileRef = 000000000000000000000039 /* NewProjectView.swift */; };
		00000000000000000000002A /* ProjectDetailView.swift in Sources */ = {isa = PBXBuildFile; fileRef = 00000000000000000000003A /* ProjectDetailView.swift */; };
		00000000000000000000002B /* ProjectsViewModel.swift in Sources */ = {isa = PBXBuildFile; fileRef = 00000000000000000000003B /* ProjectsViewModel.swift */; };
		00000000000000000000002C /* PluginsListView.swift in Sources */ = {isa = PBXBuildFile; fileRef = 00000000000000000000003C /* PluginsListView.swift */; };
		00000000000000000000002D /* PluginsViewModel.swift in Sources */ = {isa = PBXBuildFile; fileRef = 00000000000000000000003D /* PluginsViewModel.swift */; };
		00000000000000000000002E /* MCPServerListView.swift in Sources */ = {isa = PBXBuildFile; fileRef = 00000000000000000000003E /* MCPServerListView.swift */; };
		00000000000000000000002F /* MCPViewModel.swift in Sources */ = {isa = PBXBuildFile; fileRef = 00000000000000000000003F /* MCPViewModel.swift */; };
		000000000000000000000040 /* SkillsListView.swift in Sources */ = {isa = PBXBuildFile; fileRef = 000000000000000000000050 /* SkillsListView.swift */; };
		000000000000000000000041 /* SkillsViewModel.swift in Sources */ = {isa = PBXBuildFile; fileRef = 000000000000000000000051 /* SkillsViewModel.swift */; };
		000000000000000000000042 /* SettingsView.swift in Sources */ = {isa = PBXBuildFile; fileRef = 000000000000000000000052 /* SettingsView.swift */; };
		000000000000000000000043 /* SessionsListView.swift in Sources */ = {isa = PBXBuildFile; fileRef = 000000000000000000000053 /* SessionsListView.swift */; };
		000000000000000000000044 /* NewSessionView.swift in Sources */ = {isa = PBXBuildFile; fileRef = 000000000000000000000054 /* NewSessionView.swift */; };
		000000000000000000000045 /* SessionsViewModel.swift in Sources */ = {isa = PBXBuildFile; fileRef = 000000000000000000000055 /* SessionsViewModel.swift */; };
		000000000000000000000046 /* DashboardView.swift in Sources */ = {isa = PBXBuildFile; fileRef = 000000000000000000000056 /* DashboardView.swift */; };
		000000000000000000000047 /* DashboardViewModel.swift in Sources */ = {isa = PBXBuildFile; fileRef = 000000000000000000000057 /* DashboardViewModel.swift */; };
		000000000000000000000080 /* ILSShared in Frameworks */ = {isa = PBXBuildFile; productRef = 000000000000000000000090 /* ILSShared */; };
		0000000000000000000000E1 /* ProjectSessionsListView.swift in Sources */ = {isa = PBXBuildFile; fileRef = 0000000000000000000000E2 /* ProjectSessionsListView.swift */; };
		0072E7F92C4968292B52A269 /* ConfigProfilesView.swift in Sources */ = {isa = PBXBuildFile; fileRef = 988254CC4137644A20A36488 /* ConfigProfilesView.swift */; };
		1DD74500DFED14C5CDBD0B65 /* SSHConnectionManager.swift in Sources */ = {isa = PBXBuildFile; fileRef = 231132E6CF1F084DBFB3FA8E /* SSHConnectionManager.swift */; };
		210FD21F9B885EE639ACB070 /* ServerConnectionViewModel.swift in Sources */ = {isa = PBXBuildFile; fileRef = 428319AD18184D7B92DE7F61 /* ServerConnectionViewModel.swift */; };
		4312B808EEF1CD5880C95C5A /* ConfigHistoryView.swift in Sources */ = {isa = PBXBuildFile; fileRef = 6330990D17ED1BA9535E65DC /* ConfigHistoryView.swift */; };
		43766202C7053B18CB7E11A8 /* SSHConnectionFormView.swift in Sources */ = {isa = PBXBuildFile; fileRef = 0E7761530772C28AAF9F6280 /* SSHConnectionFormView.swift */; };
		4F2071925D45FA97192E92A7 /* SSHConnectionFormView.swift in Sources */ = {isa = PBXBuildFile; fileRef = 8308460B111F448CDEB8E23C /* SSHConnectionFormView.swift */; };
		55D105F74AB2F6B40E6A80A4 /* EditMCPServerView.swift in Sources */ = {isa = PBXBuildFile; fileRef = 0A74F62B0F128D862C9E8D0A /* EditMCPServerView.swift */; };
		65EBA200E2F3902B7CE7EAF7 /* ConfigProfile.swift in Sources */ = {isa = PBXBuildFile; fileRef = 0BF47490E03AF7BB44F6AEB5 /* ConfigProfile.swift */; };
		67604422C6EF477A94BB71AE /* RemoteServer.swift in Sources */ = {isa = PBXBuildFile; fileRef = 5EFD0DE0605F33EBCC1A8C0C /* RemoteServer.swift */; };
		6AE1D9AD8FF9BA5D49B1F42D /* KeychainService.swift in Sources */ = {isa = PBXBuildFile; fileRef = 7707100E4F96375256BF886C /* KeychainService.swift */; };
		71151930BF65ADAFF132A06F /* AppLogger.swift in Sources */ = {isa = PBXBuildFile; fileRef = 4F5959087095F5F603D0B826 /* AppLogger.swift */; };
		76A4CB36EF4500608662F95F /* SessionInfoView.swift in Sources */ = {isa = PBXBuildFile; fileRef = D49E0C15B3D472F1ED3CB709 /* SessionInfoView.swift */; };
		7B685E368FAAAB1726A112F1 /* ConfigurationManager.swift in Sources */ = {isa = PBXBuildFile; fileRef = A81D47EAE6EBAE3D55FC6D68 /* ConfigurationManager.swift */; };
		86220F4FB1B493425EF13156 /* SSHConnection.swift in Sources */ = {isa = PBXBuildFile; fileRef = 73215A9B9BBB1ABF03B6352C /* SSHConnection.swift */; };
		9557D153A9312C3A089C5D30 /* ServerConnectionView.swift in Sources */ = {isa = PBXBuildFile; fileRef = 1E47D6F26D29AFF98D336052 /* ServerConnectionView.swift */; };
		9A5258AF196F42E583C2F703 /* SSHConnectionManager.swift in Sources */ = {isa = PBXBuildFile; fileRef = 11D921570DD562F4409CFB59 /* SSHConnectionManager.swift */; };
		AFE811C5119FBCDDA6C7B41D /* ConfigOverridesView.swift in Sources */ = {isa = PBXBuildFile; fileRef = 84DF5052D2A8EE3FEEC838C0 /* ConfigOverridesView.swift */; };
		C46DA2181892AEDAAB8E4C07 /* LogViewerView.swift in Sources */ = {isa = PBXBuildFile; fileRef = CAA2816DB4F66722A95EBE3A /* LogViewerView.swift */; };
		D03474DE0CB6EC0688CEC054 /* SSHConnection.swift in Sources */ = {isa = PBXBuildFile; fileRef = EAF025929DAF23F7D70BA4EF /* SSHConnection.swift */; };
		D391C1C5C251999E6D821A5E /* SSHConnectionsView.swift in Sources */ = {isa = PBXBuildFile; fileRef = 3EE38B380F31A4E7D54F65DE /* SSHConnectionsView.swift */; };
		D5736E6F1DD4632C1C31E28F /* SSHConnectionsView.swift in Sources */ = {isa = PBXBuildFile; fileRef = 05FF0ECB91AA9E410D084FF2 /* SSHConnectionsView.swift */; };
		D7954B0F7E05A2E68F61BCBA /* CacheManager.swift in Sources */ = {isa = PBXBuildFile; fileRef = FDCBD8D3710FA0856AC734C2 /* CacheManager.swift */; };
		E3CC9DD92D2B16F9F0A72C61 /* ConfigChange.swift in Sources */ = {isa = PBXBuildFile; fileRef = 2FA2057ED37DE6B4404A1369 /* ConfigChange.swift */; };
		F8B89E4CEB51E57C1F6155A4 /* FleetManagementView.swift in Sources */ = {isa = PBXBuildFile; fileRef = CF7F345281F1A4E5516DC2A4 /* FleetManagementView.swift */; };
		FB15B890F1FC4F5FFAE19853 /* SessionTemplatesView.swift in Sources */ = {isa = PBXBuildFile; fileRef = 16813F7725F3A02DE00DE950 /* SessionTemplatesView.swift */; };
		FF4D77C5607B96DEE404BAAB /* SessionTemplate.swift in Sources */ = {isa = PBXBuildFile; fileRef = 8864999F593F3FBA35FE5962 /* SessionTemplate.swift */; };
		UITEST0000000000000000B1 /* ValidationGateTests.swift in Sources */ = {isa = PBXBuildFile; fileRef = UITEST0000000000000000A1 /* ValidationGateTests.swift */; };
		UITEST0000000000000000B2 /* FeatureGateTests.swift in Sources */ = {isa = PBXBuildFile; fileRef = UITEST0000000000000000A2 /* FeatureGateTests.swift */; };
		UITEST0000000000000000B3 /* ErrorHandlingTests.swift in Sources */ = {isa = PBXBuildFile; fileRef = UITEST0000000000000000A3 /* ErrorHandlingTests.swift */; };
		UITEST0000000000000000B4 /* NavigationTests.swift in Sources */ = {isa = PBXBuildFile; fileRef = UITEST0000000000000000A4 /* NavigationTests.swift */; };
/* End PBXBuildFile section */

/* Begin PBXContainerItemProxy section */
		UITEST0000000000000PROXY /* PBXContainerItemProxy */ = {
			isa = PBXContainerItemProxy;
			containerPortal = 000000000000000000000008 /* Project object */;
			proxyType = 1;
			remoteGlobalIDString = 00000000000000000000000E;
			remoteInfo = ILSApp;
		};
/* End PBXContainerItemProxy section */

/* Begin PBXFileReference section */
		000000000000000000000010 /* ILSApp.app */ = {isa = PBXFileReference; explicitFileType = wrapper.application; includeInIndex = 0; path = ILSApp.app; sourceTree = BUILT_PRODUCTS_DIR; };
		000000000000000000000011 /* ILSAppApp.swift */ = {isa = PBXFileReference; lastKnownFileType = sourcecode.swift; path = ILSAppApp.swift; sourceTree = "<group>"; };
		000000000000000000000012 /* ContentView.swift */ = {isa = PBXFileReference; lastKnownFileType = sourcecode.swift; path = ContentView.swift; sourceTree = "<group>"; };
		000000000000000000000013 /* Assets.xcassets */ = {isa = PBXFileReference; lastKnownFileType = folder.assetcatalog; path = Assets.xcassets; sourceTree = "<group>"; };
		000000000000000000000014 /* ILSApp.entitlements */ = {isa = PBXFileReference; lastKnownFileType = text.plist.entitlements; path = ILSApp.entitlements; sourceTree = "<group>"; };
		000000000000000000000030 /* ILSTheme.swift */ = {isa = PBXFileReference; lastKnownFileType = sourcecode.swift; path = ILSTheme.swift; sourceTree = "<group>"; };
		000000000000000000000031 /* APIClient.swift */ = {isa = PBXFileReference; lastKnownFileType = sourcecode.swift; path = APIClient.swift; sourceTree = "<group>"; };
		000000000000000000000032 /* SSEClient.swift */ = {isa = PBXFileReference; lastKnownFileType = sourcecode.swift; path = SSEClient.swift; sourceTree = "<group>"; };
		000000000000000000000033 /* SidebarView.swift */ = {isa = PBXFileReference; lastKnownFileType = sourcecode.swift; path = SidebarView.swift; sourceTree = "<group>"; };
		000000000000000000000034 /* MessageView.swift */ = {isa = PBXFileReference; lastKnownFileType = sourcecode.swift; path = MessageView.swift; sourceTree = "<group>"; };
		MARKDOWN0000000000000002 /* MarkdownTextView.swift */ = {isa = PBXFileReference; lastKnownFileType = sourcecode.swift; path = MarkdownTextView.swift; sourceTree = "<group>"; };
		000000000000000000000035 /* CommandPaletteView.swift */ = {isa = PBXFileReference; lastKnownFileType = sourcecode.swift; path = CommandPaletteView.swift; sourceTree = "<group>"; };
		000000000000000000000036 /* ChatView.swift */ = {isa = PBXFileReference; lastKnownFileType = sourcecode.swift; path = ChatView.swift; sourceTree = "<group>"; };
		000000000000000000000037 /* ChatViewModel.swift */ = {isa = PBXFileReference; lastKnownFileType = sourcecode.swift; path = ChatViewModel.swift; sourceTree = "<group>"; };
		000000000000000000000038 /* ProjectsListView.swift */ = {isa = PBXFileReference; lastKnownFileType = sourcecode.swift; path = ProjectsListView.swift; sourceTree = "<group>"; };
		000000000000000000000039 /* NewProjectView.swift */ = {isa = PBXFileReference; lastKnownFileType = sourcecode.swift; path = NewProjectView.swift; sourceTree = "<group>"; };
		00000000000000000000003A /* ProjectDetailView.swift */ = {isa = PBXFileReference; lastKnownFileType = sourcecode.swift; path = ProjectDetailView.swift; sourceTree = "<group>"; };
		00000000000000000000003B /* ProjectsViewModel.swift */ = {isa = PBXFileReference; lastKnownFileType = sourcecode.swift; path = ProjectsViewModel.swift; sourceTree = "<group>"; };
		00000000000000000000003C /* PluginsListView.swift */ = {isa = PBXFileReference; lastKnownFileType = sourcecode.swift; path = PluginsListView.swift; sourceTree = "<group>"; };
		00000000000000000000003D /* PluginsViewModel.swift */ = {isa = PBXFileReference; lastKnownFileType = sourcecode.swift; path = PluginsViewModel.swift; sourceTree = "<group>"; };
		00000000000000000000003E /* MCPServerListView.swift */ = {isa = PBXFileReference; lastKnownFileType = sourcecode.swift; path = MCPServerListView.swift; sourceTree = "<group>"; };
		00000000000000000000003F /* MCPViewModel.swift */ = {isa = PBXFileReference; lastKnownFileType = sourcecode.swift; path = MCPViewModel.swift; sourceTree = "<group>"; };
		000000000000000000000050 /* SkillsListView.swift */ = {isa = PBXFileReference; lastKnownFileType = sourcecode.swift; path = SkillsListView.swift; sourceTree = "<group>"; };
		000000000000000000000051 /* SkillsViewModel.swift */ = {isa = PBXFileReference; lastKnownFileType = sourcecode.swift; path = SkillsViewModel.swift; sourceTree = "<group>"; };
		000000000000000000000052 /* SettingsView.swift */ = {isa = PBXFileReference; lastKnownFileType = sourcecode.swift; path = SettingsView.swift; sourceTree = "<group>"; };
		000000000000000000000053 /* SessionsListView.swift */ = {isa = PBXFileReference; lastKnownFileType = sourcecode.swift; path = SessionsListView.swift; sourceTree = "<group>"; };
		000000000000000000000054 /* NewSessionView.swift */ = {isa = PBXFileReference; lastKnownFileType = sourcecode.swift; path = NewSessionView.swift; sourceTree = "<group>"; };
		000000000000000000000055 /* SessionsViewModel.swift */ = {isa = PBXFileReference; lastKnownFileType = sourcecode.swift; path = SessionsViewModel.swift; sourceTree = "<group>"; };
		000000000000000000000056 /* DashboardView.swift */ = {isa = PBXFileReference; lastKnownFileType = sourcecode.swift; path = DashboardView.swift; sourceTree = "<group>"; };
		000000000000000000000057 /* DashboardViewModel.swift */ = {isa = PBXFileReference; lastKnownFileType = sourcecode.swift; path = DashboardViewModel.swift; sourceTree = "<group>"; };
		0000000000000000000000E2 /* ProjectSessionsListView.swift */ = {isa = PBXFileReference; lastKnownFileType = sourcecode.swift; path = ProjectSessionsListView.swift; sourceTree = "<group>"; };
		05FF0ECB91AA9E410D084FF2 /* SSHConnectionsView.swift */ = {isa = PBXFileReference; includeInIndex = 1; lastKnownFileType = sourcecode.swift; name = SSHConnectionsView.swift; path = Views/Settings/SSHConnectionsView.swift; sourceTree = "<group>"; };
		0A74F62B0F128D862C9E8D0A /* EditMCPServerView.swift */ = {isa = PBXFileReference; includeInIndex = 1; lastKnownFileType = sourcecode.swift; path = EditMCPServerView.swift; sourceTree = "<group>"; };
		0BF47490E03AF7BB44F6AEB5 /* ConfigProfile.swift */ = {isa = PBXFileReference; includeInIndex = 1; lastKnownFileType = sourcecode.swift; name = ConfigProfile.swift; path = Models/ConfigProfile.swift; sourceTree = "<group>"; };
		0E7761530772C28AAF9F6280 /* SSHConnectionFormView.swift */ = {isa = PBXFileReference; includeInIndex = 1; lastKnownFileType = sourcecode.swift; path = SSHConnectionFormView.swift; sourceTree = "<group>"; };
		11D921570DD562F4409CFB59 /* SSHConnectionManager.swift */ = {isa = PBXFileReference; includeInIndex = 1; lastKnownFileType = sourcecode.swift; path = SSHConnectionManager.swift; sourceTree = "<group>"; };
		16813F7725F3A02DE00DE950 /* SessionTemplatesView.swift */ = {isa = PBXFileReference; includeInIndex = 1; lastKnownFileType = sourcecode.swift; path = SessionTemplatesView.swift; sourceTree = "<group>"; };
		1E47D6F26D29AFF98D336052 /* ServerConnectionView.swift */ = {isa = PBXFileReference; includeInIndex = 1; lastKnownFileType = sourcecode.swift; path = ServerConnectionView.swift; sourceTree = "<group>"; };
		231132E6CF1F084DBFB3FA8E /* SSHConnectionManager.swift */ = {isa = PBXFileReference; includeInIndex = 1; lastKnownFileType = sourcecode.swift; name = SSHConnectionManager.swift; path = Services/SSHConnectionManager.swift; sourceTree = "<group>"; };
		2FA2057ED37DE6B4404A1369 /* ConfigChange.swift */ = {isa = PBXFileReference; includeInIndex = 1; lastKnownFileType = sourcecode.swift; name = ConfigChange.swift; path = Models/ConfigChange.swift; sourceTree = "<group>"; };
		3EE38B380F31A4E7D54F65DE /* SSHConnectionsView.swift */ = {isa = PBXFileReference; includeInIndex = 1; lastKnownFileType = sourcecode.swift; path = SSHConnectionsView.swift; sourceTree = "<group>"; };
		428319AD18184D7B92DE7F61 /* ServerConnectionViewModel.swift */ = {isa = PBXFileReference; includeInIndex = 1; lastKnownFileType = sourcecode.swift; path = ServerConnectionViewModel.swift; sourceTree = "<group>"; };
		4F5959087095F5F603D0B826 /* AppLogger.swift */ = {isa = PBXFileReference; includeInIndex = 1; lastKnownFileType = sourcecode.swift; name = AppLogger.swift; path = Services/AppLogger.swift; sourceTree = "<group>"; };
		5EFD0DE0605F33EBCC1A8C0C /* RemoteServer.swift */ = {isa = PBXFileReference; includeInIndex = 1; lastKnownFileType = sourcecode.swift; name = RemoteServer.swift; path = Models/RemoteServer.swift; sourceTree = "<group>"; };
		6330990D17ED1BA9535E65DC /* ConfigHistoryView.swift */ = {isa = PBXFileReference; includeInIndex = 1; lastKnownFileType = sourcecode.swift; name = ConfigHistoryView.swift; path = Views/Settings/ConfigHistoryView.swift; sourceTree = "<group>"; };
		73215A9B9BBB1ABF03B6352C /* SSHConnection.swift */ = {isa = PBXFileReference; includeInIndex = 1; lastKnownFileType = sourcecode.swift; path = SSHConnection.swift; sourceTree = "<group>"; };
		7707100E4F96375256BF886C /* KeychainService.swift */ = {isa = PBXFileReference; includeInIndex = 1; lastKnownFileType = sourcecode.swift; path = KeychainService.swift; sourceTree = "<group>"; };
		8308460B111F448CDEB8E23C /* SSHConnectionFormView.swift */ = {isa = PBXFileReference; includeInIndex = 1; lastKnownFileType = sourcecode.swift; name = SSHConnectionFormView.swift; path = Views/Settings/SSHConnectionFormView.swift; sourceTree = "<group>"; };
		84DF5052D2A8EE3FEEC838C0 /* ConfigOverridesView.swift */ = {isa = PBXFileReference; includeInIndex = 1; lastKnownFileType = sourcecode.swift; name = ConfigOverridesView.swift; path = Views/Settings/ConfigOverridesView.swift; sourceTree = "<group>"; };
		8864999F593F3FBA35FE5962 /* SessionTemplate.swift */ = {isa = PBXFileReference; includeInIndex = 1; lastKnownFileType = sourcecode.swift; path = SessionTemplate.swift; sourceTree = "<group>"; };
		988254CC4137644A20A36488 /* ConfigProfilesView.swift */ = {isa = PBXFileReference; includeInIndex = 1; lastKnownFileType = sourcecode.swift; name = ConfigProfilesView.swift; path = Views/Settings/ConfigProfilesView.swift; sourceTree = "<group>"; };
		A81D47EAE6EBAE3D55FC6D68 /* ConfigurationManager.swift */ = {isa = PBXFileReference; includeInIndex = 1; lastKnownFileType = sourcecode.swift; path = ConfigurationManager.swift; sourceTree = "<group>"; };
		CAA2816DB4F66722A95EBE3A /* LogViewerView.swift */ = {isa = PBXFileReference; includeInIndex = 1; lastKnownFileType = sourcecode.swift; name = LogViewerView.swift; path = Views/Settings/LogViewerView.swift; sourceTree = "<group>"; };
		CF7F345281F1A4E5516DC2A4 /* FleetManagementView.swift */ = {isa = PBXFileReference; includeInIndex = 1; lastKnownFileType = sourcecode.swift; name = FleetManagementView.swift; path = Views/Settings/FleetManagementView.swift; sourceTree = "<group>"; };
		D49E0C15B3D472F1ED3CB709 /* SessionInfoView.swift */ = {isa = PBXFileReference; includeInIndex = 1; lastKnownFileType = sourcecode.swift; path = SessionInfoView.swift; sourceTree = "<group>"; };
		EAF025929DAF23F7D70BA4EF /* SSHConnection.swift */ = {isa = PBXFileReference; includeInIndex = 1; lastKnownFileType = sourcecode.swift; name = SSHConnection.swift; path = Models/SSHConnection.swift; sourceTree = "<group>"; };
		FDCBD8D3710FA0856AC734C2 /* CacheManager.swift */ = {isa = PBXFileReference; includeInIndex = 1; lastKnownFileType = sourcecode.swift; name = CacheManager.swift; path = Services/CacheManager.swift; sourceTree = "<group>"; };
		UITEST0000000000000000A0 /* ILSAppUITests.xctest */ = {isa = PBXFileReference; explicitFileType = wrapper.cfbundle; includeInIndex = 0; path = ILSAppUITests.xctest; sourceTree = BUILT_PRODUCTS_DIR; };
		UITEST0000000000000000A1 /* ValidationGateTests.swift */ = {isa = PBXFileReference; lastKnownFileType = sourcecode.swift; path = ValidationGateTests.swift; sourceTree = "<group>"; };
		UITEST0000000000000000A2 /* FeatureGateTests.swift */ = {isa = PBXFileReference; lastKnownFileType = sourcecode.swift; path = FeatureGateTests.swift; sourceTree = "<group>"; };
		UITEST0000000000000000A3 /* ErrorHandlingTests.swift */ = {isa = PBXFileReference; lastKnownFileType = sourcecode.swift; path = ErrorHandlingTests.swift; sourceTree = "<group>"; };
		UITEST0000000000000000A4 /* NavigationTests.swift */ = {isa = PBXFileReference; lastKnownFileType = sourcecode.swift; path = NavigationTests.swift; sourceTree = "<group>"; };
/* End PBXFileReference section */

/* Begin PBXFrameworksBuildPhase section */
		00000000000000000000000D /* Frameworks */ = {
			isa = PBXFrameworksBuildPhase;
			buildActionMask = 2147483647;
			files = (
				000000000000000000000080 /* ILSShared in Frameworks */,
			);
			runOnlyForDeploymentPostprocessing = 0;
		};
		UITEST00000000000000000D /* Frameworks */ = {
			isa = PBXFrameworksBuildPhase;
			buildActionMask = 2147483647;
			files = (
			);
			runOnlyForDeploymentPostprocessing = 0;
		};
/* End PBXFrameworksBuildPhase section */

/* Begin PBXGroup section */
		000000000000000000000007 = {
			isa = PBXGroup;
			children = (
				000000000000000000000015 /* ILSApp */,
				UITEST00000000000000GRP1 /* ILSAppUITests */,
				00000000000000000000000F /* Products */,
			);
			sourceTree = "<group>";
		};
		00000000000000000000000F /* Products */ = {
			isa = PBXGroup;
			children = (
				000000000000000000000010 /* ILSApp.app */,
				UITEST0000000000000000A0 /* ILSAppUITests.xctest */,
			);
			name = Products;
			sourceTree = "<group>";
		};
		000000000000000000000015 /* ILSApp */ = {
			isa = PBXGroup;
			children = (
				000000000000000000000011 /* ILSAppApp.swift */,
				000000000000000000000012 /* ContentView.swift */,
				000000000000000000000060 /* Theme */,
				000000000000000000000061 /* Services */,
				000000000000000000000062 /* Views */,
				000000000000000000000063 /* ViewModels */,
				000000000000000000000013 /* Assets.xcassets */,
				000000000000000000000014 /* ILSApp.entitlements */,
				2F5AAE5FE7854694374E1A23 /* Models */,
				AB0C0191D24E0DA6E658ED6D /* ILSApp */,
			);
			path = ILSApp;
			sourceTree = "<group>";
		};
		000000000000000000000060 /* Theme */ = {
			isa = PBXGroup;
			children = (
				000000000000000000000030 /* ILSTheme.swift */,
			);
			path = Theme;
			sourceTree = "<group>";
		};
		000000000000000000000061 /* Services */ = {
			isa = PBXGroup;
			children = (
				000000000000000000000031 /* APIClient.swift */,
				000000000000000000000032 /* SSEClient.swift */,
				7707100E4F96375256BF886C /* KeychainService.swift */,
				A81D47EAE6EBAE3D55FC6D68 /* ConfigurationManager.swift */,
				11D921570DD562F4409CFB59 /* SSHConnectionManager.swift */,
			);
			path = Services;
			sourceTree = "<group>";
		};
		000000000000000000000062 /* Views */ = {
			isa = PBXGroup;
			children = (
				000000000000000000000070 /* Sidebar */,
				000000000000000000000071 /* Chat */,
				000000000000000000000078 /* Dashboard */,
				000000000000000000000072 /* Projects */,
				000000000000000000000073 /* Plugins */,
				000000000000000000000074 /* MCP */,
				000000000000000000000075 /* Skills */,
				000000000000000000000076 /* Sessions */,
				000000000000000000000077 /* Settings */,
				5E6482F0DAE42DA0FC678C1F /* ServerConnection */,
			);
			path = Views;
			sourceTree = "<group>";
		};
		000000000000000000000063 /* ViewModels */ = {
			isa = PBXGroup;
			children = (
				000000000000000000000037 /* ChatViewModel.swift */,
				000000000000000000000057 /* DashboardViewModel.swift */,
				00000000000000000000003B /* ProjectsViewModel.swift */,
				00000000000000000000003D /* PluginsViewModel.swift */,
				00000000000000000000003F /* MCPViewModel.swift */,
				000000000000000000000051 /* SkillsViewModel.swift */,
				000000000000000000000055 /* SessionsViewModel.swift */,
				428319AD18184D7B92DE7F61 /* ServerConnectionViewModel.swift */,
			);
			path = ViewModels;
			sourceTree = "<group>";
		};
		000000000000000000000070 /* Sidebar */ = {
			isa = PBXGroup;
			children = (
				000000000000000000000033 /* SidebarView.swift */,
			);
			path = Sidebar;
			sourceTree = "<group>";
		};
		000000000000000000000071 /* Chat */ = {
			isa = PBXGroup;
			children = (
				000000000000000000000034 /* MessageView.swift */,
				MARKDOWN0000000000000002 /* MarkdownTextView.swift */,
				000000000000000000000035 /* CommandPaletteView.swift */,
				000000000000000000000036 /* ChatView.swift */,
			);
			path = Chat;
			sourceTree = "<group>";
		};
		000000000000000000000072 /* Projects */ = {
			isa = PBXGroup;
			children = (
				000000000000000000000038 /* ProjectsListView.swift */,
				000000000000000000000039 /* NewProjectView.swift */,
				00000000000000000000003A /* ProjectDetailView.swift */,
				0000000000000000000000E2 /* ProjectSessionsListView.swift */,
			);
			path = Projects;
			sourceTree = "<group>";
		};
		000000000000000000000073 /* Plugins */ = {
			isa = PBXGroup;
			children = (
				00000000000000000000003C /* PluginsListView.swift */,
			);
			path = Plugins;
			sourceTree = "<group>";
		};
		000000000000000000000074 /* MCP */ = {
			isa = PBXGroup;
			children = (
				00000000000000000000003E /* MCPServerListView.swift */,
				0A74F62B0F128D862C9E8D0A /* EditMCPServerView.swift */,
			);
			path = MCP;
			sourceTree = "<group>";
		};
		000000000000000000000075 /* Skills */ = {
			isa = PBXGroup;
			children = (
				000000000000000000000050 /* SkillsListView.swift */,
			);
			path = Skills;
			sourceTree = "<group>";
		};
		000000000000000000000076 /* Sessions */ = {
			isa = PBXGroup;
			children = (
				000000000000000000000053 /* SessionsListView.swift */,
				000000000000000000000054 /* NewSessionView.swift */,
				D49E0C15B3D472F1ED3CB709 /* SessionInfoView.swift */,
				16813F7725F3A02DE00DE950 /* SessionTemplatesView.swift */,
			);
			path = Sessions;
			sourceTree = "<group>";
		};
		000000000000000000000077 /* Settings */ = {
			isa = PBXGroup;
			children = (
				000000000000000000000052 /* SettingsView.swift */,
				3EE38B380F31A4E7D54F65DE /* SSHConnectionsView.swift */,
				0E7761530772C28AAF9F6280 /* SSHConnectionFormView.swift */,
			);
			path = Settings;
			sourceTree = "<group>";
		};
		000000000000000000000078 /* Dashboard */ = {
			isa = PBXGroup;
			children = (
				000000000000000000000056 /* DashboardView.swift */,
			);
			path = Dashboard;
			sourceTree = "<group>";
		};
		2F5AAE5FE7854694374E1A23 /* Models */ = {
			isa = PBXGroup;
			children = (
				8864999F593F3FBA35FE5962 /* SessionTemplate.swift */,
				73215A9B9BBB1ABF03B6352C /* SSHConnection.swift */,
			);
			name = Models;
			path = Models;
			sourceTree = "<group>";
		};
		5E6482F0DAE42DA0FC678C1F /* ServerConnection */ = {
			isa = PBXGroup;
			children = (
				1E47D6F26D29AFF98D336052 /* ServerConnectionView.swift */,
			);
			name = ServerConnection;
			path = ServerConnection;
			sourceTree = "<group>";
		};
		627DA2386F49F2D249D329AC /* Services */ = {
			isa = PBXGroup;
			children = (
				4F5959087095F5F603D0B826 /* AppLogger.swift */,
				FDCBD8D3710FA0856AC734C2 /* CacheManager.swift */,
				231132E6CF1F084DBFB3FA8E /* SSHConnectionManager.swift */,
			);
			name = Services;
			sourceTree = "<group>";
		};
		70FB461EE474670EAD9CB4CE /* Settings */ = {
			isa = PBXGroup;
			children = (
				6330990D17ED1BA9535E65DC /* ConfigHistoryView.swift */,
				84DF5052D2A8EE3FEEC838C0 /* ConfigOverridesView.swift */,
				988254CC4137644A20A36488 /* ConfigProfilesView.swift */,
				CF7F345281F1A4E5516DC2A4 /* FleetManagementView.swift */,
				CAA2816DB4F66722A95EBE3A /* LogViewerView.swift */,
				8308460B111F448CDEB8E23C /* SSHConnectionFormView.swift */,
				05FF0ECB91AA9E410D084FF2 /* SSHConnectionsView.swift */,
			);
			name = Settings;
			sourceTree = "<group>";
		};
		9A167A2D45391F003B1893E5 /* Views */ = {
			isa = PBXGroup;
			children = (
				70FB461EE474670EAD9CB4CE /* Settings */,
			);
			name = Views;
			sourceTree = "<group>";
		};
		AB0C0191D24E0DA6E658ED6D /* ILSApp */ = {
			isa = PBXGroup;
			children = (
				B5C3B62EE996DF49627006B8 /* Models */,
				627DA2386F49F2D249D329AC /* Services */,
				9A167A2D45391F003B1893E5 /* Views */,
			);
			name = ILSApp;
			sourceTree = "<group>";
		};
		B5C3B62EE996DF49627006B8 /* Models */ = {
			isa = PBXGroup;
			children = (
				2FA2057ED37DE6B4404A1369 /* ConfigChange.swift */,
				0BF47490E03AF7BB44F6AEB5 /* ConfigProfile.swift */,
				5EFD0DE0605F33EBCC1A8C0C /* RemoteServer.swift */,
				EAF025929DAF23F7D70BA4EF /* SSHConnection.swift */,
			);
			name = Models;
			sourceTree = "<group>";
		};
		UITEST00000000000000GRP1 /* ILSAppUITests */ = {
			isa = PBXGroup;
			children = (
				UITEST0000000000000000A1 /* ValidationGateTests.swift */,
				UITEST0000000000000000A2 /* FeatureGateTests.swift */,
				UITEST0000000000000000A3 /* ErrorHandlingTests.swift */,
				UITEST0000000000000000A4 /* NavigationTests.swift */,
			);
			path = ILSAppUITests;
			sourceTree = "<group>";
		};
/* End PBXGroup section */

/* Begin PBXNativeTarget section */
		00000000000000000000000E /* ILSApp */ = {
			isa = PBXNativeTarget;
			buildConfigurationList = 00000000000000000000001D /* Build configuration list for PBXNativeTarget "ILSApp" */;
			buildPhases = (
				00000000000000000000000B /* Sources */,
				00000000000000000000000C /* Resources */,
				00000000000000000000000D /* Frameworks */,
			);
			buildRules = (
			);
			dependencies = (
			);
			name = ILSApp;
			packageProductDependencies = (
				000000000000000000000090 /* ILSShared */,
			);
			productName = ILSApp;
			productReference = 000000000000000000000010 /* ILSApp.app */;
			productType = "com.apple.product-type.application";
		};
		UITEST000000000000TARGET /* ILSAppUITests */ = {
			isa = PBXNativeTarget;
			buildConfigurationList = UITEST000000000000CFGLST /* Build configuration list for PBXNativeTarget "ILSAppUITests" */;
			buildPhases = (
				UITEST00000000000000000B /* Sources */,
				UITEST00000000000000000D /* Frameworks */,
			);
			buildRules = (
			);
			dependencies = (
				UITEST00000000000000DEP1 /* PBXTargetDependency */,
			);
			name = ILSAppUITests;
			productName = ILSAppUITests;
			productReference = UITEST0000000000000000A0 /* ILSAppUITests.xctest */;
			productType = "com.apple.product-type.bundle.ui-testing";
		};
/* End PBXNativeTarget section */

/* Begin PBXProject section */
		000000000000000000000008 /* Project object */ = {
			isa = PBXProject;
			attributes = {
				BuildIndependentTargetsInParallel = 1;
				LastSwiftUpdateCheck = 1540;
				LastUpgradeCheck = 1540;
				TargetAttributes = {
					00000000000000000000000E = {
						CreatedOnToolsVersion = 15.4;
					};
					UITEST000000000000TARGET = {
						CreatedOnToolsVersion = 15.4;
						TestTargetID = 00000000000000000000000E;
					};
				};
			};
			buildConfigurationList = 00000000000000000000000A /* Build configuration list for PBXProject "ILSApp" */;
			compatibilityVersion = "Xcode 14.0";
			developmentRegion = en;
			hasScannedForEncodings = 0;
			knownRegions = (
				en,
				Base,
			);
			mainGroup = 000000000000000000000007;
			packageReferences = (
				0000000000000000000000A0 /* XCLocalSwiftPackageReference ".." */,
			);
			productRefGroup = 00000000000000000000000F /* Products */;
			projectDirPath = "";
			projectRoot = "";
			targets = (
				00000000000000000000000E /* ILSApp */,
				UITEST000000000000TARGET /* ILSAppUITests */,
			);
		};
/* End PBXProject section */

/* Begin PBXResourcesBuildPhase section */
		00000000000000000000000C /* Resources */ = {
			isa = PBXResourcesBuildPhase;
			buildActionMask = 2147483647;
			files = (
				000000000000000000000003 /* Assets.xcassets in Resources */,
			);
			runOnlyForDeploymentPostprocessing = 0;
		};
/* End PBXResourcesBuildPhase section */

/* Begin PBXSourcesBuildPhase section */
		00000000000000000000000B /* Sources */ = {
			isa = PBXSourcesBuildPhase;
			buildActionMask = 2147483647;
			files = (
				000000000000000000000001 /* ILSAppApp.swift in Sources */,
				000000000000000000000002 /* ContentView.swift in Sources */,
				000000000000000000000020 /* ILSTheme.swift in Sources */,
				000000000000000000000021 /* APIClient.swift in Sources */,
				000000000000000000000022 /* SSEClient.swift in Sources */,
				000000000000000000000023 /* SidebarView.swift in Sources */,
				000000000000000000000024 /* MessageView.swift in Sources */,
				MARKDOWN0000000000000001 /* MarkdownTextView.swift in Sources */,
				000000000000000000000025 /* CommandPaletteView.swift in Sources */,
				000000000000000000000026 /* ChatView.swift in Sources */,
				000000000000000000000027 /* ChatViewModel.swift in Sources */,
				000000000000000000000046 /* DashboardView.swift in Sources */,
				000000000000000000000047 /* DashboardViewModel.swift in Sources */,
				000000000000000000000028 /* ProjectsListView.swift in Sources */,
				000000000000000000000029 /* NewProjectView.swift in Sources */,
				00000000000000000000002A /* ProjectDetailView.swift in Sources */,
				0000000000000000000000E1 /* ProjectSessionsListView.swift in Sources */,
				00000000000000000000002B /* ProjectsViewModel.swift in Sources */,
				00000000000000000000002C /* PluginsListView.swift in Sources */,
				00000000000000000000002D /* PluginsViewModel.swift in Sources */,
				00000000000000000000002E /* MCPServerListView.swift in Sources */,
				00000000000000000000002F /* MCPViewModel.swift in Sources */,
				000000000000000000000040 /* SkillsListView.swift in Sources */,
				000000000000000000000041 /* SkillsViewModel.swift in Sources */,
				000000000000000000000042 /* SettingsView.swift in Sources */,
				000000000000000000000043 /* SessionsListView.swift in Sources */,
				000000000000000000000044 /* NewSessionView.swift in Sources */,
				000000000000000000000045 /* SessionsViewModel.swift in Sources */,
				76A4CB36EF4500608662F95F /* SessionInfoView.swift in Sources */,
				6AE1D9AD8FF9BA5D49B1F42D /* KeychainService.swift in Sources */,
				55D105F74AB2F6B40E6A80A4 /* EditMCPServerView.swift in Sources */,
				9557D153A9312C3A089C5D30 /* ServerConnectionView.swift in Sources */,
				210FD21F9B885EE639ACB070 /* ServerConnectionViewModel.swift in Sources */,
				7B685E368FAAAB1726A112F1 /* ConfigurationManager.swift in Sources */,
				FF4D77C5607B96DEE404BAAB /* SessionTemplate.swift in Sources */,
				FB15B890F1FC4F5FFAE19853 /* SessionTemplatesView.swift in Sources */,
				86220F4FB1B493425EF13156 /* SSHConnection.swift in Sources */,
				9A5258AF196F42E583C2F703 /* SSHConnectionManager.swift in Sources */,
				D391C1C5C251999E6D821A5E /* SSHConnectionsView.swift in Sources */,
				43766202C7053B18CB7E11A8 /* SSHConnectionFormView.swift in Sources */,
				E3CC9DD92D2B16F9F0A72C61 /* ConfigChange.swift in Sources */,
				65EBA200E2F3902B7CE7EAF7 /* ConfigProfile.swift in Sources */,
				67604422C6EF477A94BB71AE /* RemoteServer.swift in Sources */,
				D03474DE0CB6EC0688CEC054 /* SSHConnection.swift in Sources */,
				71151930BF65ADAFF132A06F /* AppLogger.swift in Sources */,
				D7954B0F7E05A2E68F61BCBA /* CacheManager.swift in Sources */,
				1DD74500DFED14C5CDBD0B65 /* SSHConnectionManager.swift in Sources */,
				4312B808EEF1CD5880C95C5A /* ConfigHistoryView.swift in Sources */,
				AFE811C5119FBCDDA6C7B41D /* ConfigOverridesView.swift in Sources */,
				0072E7F92C4968292B52A269 /* ConfigProfilesView.swift in Sources */,
				F8B89E4CEB51E57C1F6155A4 /* FleetManagementView.swift in Sources */,
				C46DA2181892AEDAAB8E4C07 /* LogViewerView.swift in Sources */,
				4F2071925D45FA97192E92A7 /* SSHConnectionFormView.swift in Sources */,
				D5736E6F1DD4632C1C31E28F /* SSHConnectionsView.swift in Sources */,
			);
			runOnlyForDeploymentPostprocessing = 0;
		};
		UITEST00000000000000000B /* Sources */ = {
			isa = PBXSourcesBuildPhase;
			buildActionMask = 2147483647;
			files = (
				UITEST0000000000000000B1 /* ValidationGateTests.swift in Sources */,
				UITEST0000000000000000B2 /* FeatureGateTests.swift in Sources */,
				UITEST0000000000000000B3 /* ErrorHandlingTests.swift in Sources */,
				UITEST0000000000000000B4 /* NavigationTests.swift in Sources */,
			);
			runOnlyForDeploymentPostprocessing = 0;
		};
/* End PBXSourcesBuildPhase section */

/* Begin PBXTargetDependency section */
		UITEST00000000000000DEP1 /* PBXTargetDependency */ = {
			isa = PBXTargetDependency;
			target = 00000000000000000000000E /* ILSApp */;
			targetProxy = UITEST0000000000000PROXY /* PBXContainerItemProxy */;
		};
/* End PBXTargetDependency section */

/* Begin XCBuildConfiguration section */
		000000000000000000000019 /* Debug */ = {
			isa = XCBuildConfiguration;
			buildSettings = {
				ALWAYS_SEARCH_USER_PATHS = NO;
				ASSETCATALOG_COMPILER_GENERATE_SWIFT_ASSET_SYMBOL_EXTENSIONS = YES;
				CLANG_ANALYZER_NONNULL = YES;
				CLANG_ANALYZER_NUMBER_OBJECT_CONVERSION = YES_AGGRESSIVE;
				CLANG_CXX_LANGUAGE_STANDARD = "gnu++20";
				CLANG_ENABLE_MODULES = YES;
				CLANG_ENABLE_OBJC_ARC = YES;
				CLANG_ENABLE_OBJC_WEAK = YES;
				CLANG_WARN_BLOCK_CAPTURE_AUTORELEASING = YES;
				CLANG_WARN_BOOL_CONVERSION = YES;
				CLANG_WARN_COMMA = YES;
				CLANG_WARN_CONSTANT_CONVERSION = YES;
				CLANG_WARN_DEPRECATED_OBJC_IMPLEMENTATIONS = YES;
				CLANG_WARN_DIRECT_OBJC_ISA_USAGE = YES_ERROR;
				CLANG_WARN_DOCUMENTATION_COMMENTS = YES;
				CLANG_WARN_EMPTY_BODY = YES;
				CLANG_WARN_ENUM_CONVERSION = YES;
				CLANG_WARN_INFINITE_RECURSION = YES;
				CLANG_WARN_INT_CONVERSION = YES;
				CLANG_WARN_NON_LITERAL_NULL_CONVERSION = YES;
				CLANG_WARN_OBJC_IMPLICIT_RETAIN_SELF = YES;
				CLANG_WARN_OBJC_LITERAL_CONVERSION = YES;
				CLANG_WARN_OBJC_ROOT_CLASS = YES_ERROR;
				CLANG_WARN_QUOTED_INCLUDE_IN_FRAMEWORK_HEADER = YES;
				CLANG_WARN_RANGE_LOOP_ANALYSIS = YES;
				CLANG_WARN_STRICT_PROTOTYPES = YES;
				CLANG_WARN_SUSPICIOUS_MOVE = YES;
				CLANG_WARN_UNGUARDED_AVAILABILITY = YES_AGGRESSIVE;
				CLANG_WARN_UNREACHABLE_CODE = YES;
				CLANG_WARN__DUPLICATE_METHOD_MATCH = YES;
				COPY_PHASE_STRIP = NO;
				DEBUG_INFORMATION_FORMAT = dwarf;
				ENABLE_STRICT_OBJC_MSGSEND = YES;
				ENABLE_TESTABILITY = YES;
				ENABLE_USER_SCRIPT_SANDBOXING = YES;
				GCC_C_LANGUAGE_STANDARD = gnu17;
				GCC_DYNAMIC_NO_PIC = NO;
				GCC_NO_COMMON_BLOCKS = YES;
				GCC_OPTIMIZATION_LEVEL = 0;
				GCC_PREPROCESSOR_DEFINITIONS = (
					"DEBUG=1",
					"$(inherited)",
				);
				GCC_WARN_64_TO_32_BIT_CONVERSION = YES;
				GCC_WARN_ABOUT_RETURN_TYPE = YES_ERROR;
				GCC_WARN_UNDECLARED_SELECTOR = YES;
				GCC_WARN_UNINITIALIZED_AUTOS = YES_AGGRESSIVE;
				GCC_WARN_UNUSED_FUNCTION = YES;
				GCC_WARN_UNUSED_VARIABLE = YES;
				IPHONEOS_DEPLOYMENT_TARGET = 17.0;
				LOCALIZATION_PREFERS_STRING_CATALOGS = YES;
				MTL_ENABLE_DEBUG_INFO = INCLUDE_SOURCE;
				MTL_FAST_MATH = YES;
				ONLY_ACTIVE_ARCH = YES;
				SDKROOT = iphoneos;
				SWIFT_ACTIVE_COMPILATION_CONDITIONS = "DEBUG $(inherited)";
				SWIFT_OPTIMIZATION_LEVEL = "-Onone";
			};
			name = Debug;
		};
		00000000000000000000001A /* Release */ = {
			isa = XCBuildConfiguration;
			buildSettings = {
				ALWAYS_SEARCH_USER_PATHS = NO;
				ASSETCATALOG_COMPILER_GENERATE_SWIFT_ASSET_SYMBOL_EXTENSIONS = YES;
				CLANG_ANALYZER_NONNULL = YES;
				CLANG_ANALYZER_NUMBER_OBJECT_CONVERSION = YES_AGGRESSIVE;
				CLANG_CXX_LANGUAGE_STANDARD = "gnu++20";
				CLANG_ENABLE_MODULES = YES;
				CLANG_ENABLE_OBJC_ARC = YES;
				CLANG_ENABLE_OBJC_WEAK = YES;
				CLANG_WARN_BLOCK_CAPTURE_AUTORELEASING = YES;
				CLANG_WARN_BOOL_CONVERSION = YES;
				CLANG_WARN_COMMA = YES;
				CLANG_WARN_CONSTANT_CONVERSION = YES;
				CLANG_WARN_DEPRECATED_OBJC_IMPLEMENTATIONS = YES;
				CLANG_WARN_DIRECT_OBJC_ISA_USAGE = YES_ERROR;
				CLANG_WARN_DOCUMENTATION_COMMENTS = YES;
				CLANG_WARN_EMPTY_BODY = YES;
				CLANG_WARN_ENUM_CONVERSION = YES;
				CLANG_WARN_INFINITE_RECURSION = YES;
				CLANG_WARN_INT_CONVERSION = YES;
				CLANG_WARN_NON_LITERAL_NULL_CONVERSION = YES;
				CLANG_WARN_OBJC_IMPLICIT_RETAIN_SELF = YES;
				CLANG_WARN_OBJC_LITERAL_CONVERSION = YES;
				CLANG_WARN_OBJC_ROOT_CLASS = YES_ERROR;
				CLANG_WARN_QUOTED_INCLUDE_IN_FRAMEWORK_HEADER = YES;
				CLANG_WARN_RANGE_LOOP_ANALYSIS = YES;
				CLANG_WARN_STRICT_PROTOTYPES = YES;
				CLANG_WARN_SUSPICIOUS_MOVE = YES;
				CLANG_WARN_UNGUARDED_AVAILABILITY = YES_AGGRESSIVE;
				CLANG_WARN_UNREACHABLE_CODE = YES;
				CLANG_WARN__DUPLICATE_METHOD_MATCH = YES;
				COPY_PHASE_STRIP = NO;
				DEBUG_INFORMATION_FORMAT = "dwarf-with-dsym";
				ENABLE_NS_ASSERTIONS = NO;
				ENABLE_STRICT_OBJC_MSGSEND = YES;
				ENABLE_USER_SCRIPT_SANDBOXING = YES;
				GCC_C_LANGUAGE_STANDARD = gnu17;
				GCC_NO_COMMON_BLOCKS = YES;
				GCC_WARN_64_TO_32_BIT_CONVERSION = YES;
				GCC_WARN_ABOUT_RETURN_TYPE = YES_ERROR;
				GCC_WARN_UNDECLARED_SELECTOR = YES;
				GCC_WARN_UNINITIALIZED_AUTOS = YES_AGGRESSIVE;
				GCC_WARN_UNUSED_FUNCTION = YES;
				GCC_WARN_UNUSED_VARIABLE = YES;
				IPHONEOS_DEPLOYMENT_TARGET = 17.0;
				LOCALIZATION_PREFERS_STRING_CATALOGS = YES;
				MTL_ENABLE_DEBUG_INFO = NO;
				MTL_FAST_MATH = YES;
				SDKROOT = iphoneos;
				SWIFT_COMPILATION_MODE = wholemodule;
				VALIDATE_PRODUCT = YES;
			};
			name = Release;
		};
		00000000000000000000001B /* Debug */ = {
			isa = XCBuildConfiguration;
			buildSettings = {
				ASSETCATALOG_COMPILER_APPICON_NAME = AppIcon;
				ASSETCATALOG_COMPILER_GLOBAL_ACCENT_COLOR_NAME = AccentColor;
				CODE_SIGN_ENTITLEMENTS = ILSApp/ILSApp.entitlements;
				CODE_SIGN_STYLE = Automatic;
				CURRENT_PROJECT_VERSION = 1;
				DEVELOPMENT_TEAM = HC36V7B67Z;
				ENABLE_PREVIEWS = YES;
				GENERATE_INFOPLIST_FILE = YES;
				INFOPLIST_KEY_NSLocalNetworkUsageDescription = "ILS needs to connect to the backend server on your local network.";
				INFOPLIST_KEY_UIApplicationSceneManifest_Generation = YES;
				INFOPLIST_KEY_UIApplicationSupportsIndirectInputEvents = YES;
				INFOPLIST_KEY_UILaunchScreen_Generation = YES;
				INFOPLIST_KEY_UISupportedInterfaceOrientations_iPad = "UIInterfaceOrientationPortrait UIInterfaceOrientationPortraitUpsideDown UIInterfaceOrientationLandscapeLeft UIInterfaceOrientationLandscapeRight";
				INFOPLIST_KEY_UISupportedInterfaceOrientations_iPhone = "UIInterfaceOrientationPortrait UIInterfaceOrientationLandscapeLeft UIInterfaceOrientationLandscapeRight";
				LD_RUNPATH_SEARCH_PATHS = (
					"$(inherited)",
					"@executable_path/Frameworks",
				);
				MARKETING_VERSION = 1.0;
				PRODUCT_BUNDLE_IDENTIFIER = com.ils.app;
				PRODUCT_NAME = "$(TARGET_NAME)";
				SWIFT_EMIT_LOC_STRINGS = YES;
				SWIFT_VERSION = 5.0;
				TARGETED_DEVICE_FAMILY = "1,2";
			};
			name = Debug;
		};
		00000000000000000000001C /* Release */ = {
			isa = XCBuildConfiguration;
			buildSettings = {
				ASSETCATALOG_COMPILER_APPICON_NAME = AppIcon;
				ASSETCATALOG_COMPILER_GLOBAL_ACCENT_COLOR_NAME = AccentColor;
				CODE_SIGN_ENTITLEMENTS = ILSApp/ILSApp.entitlements;
				CODE_SIGN_STYLE = Automatic;
				CURRENT_PROJECT_VERSION = 1;
				DEVELOPMENT_TEAM = HC36V7B67Z;
				ENABLE_PREVIEWS = YES;
				GENERATE_INFOPLIST_FILE = YES;
				INFOPLIST_KEY_NSLocalNetworkUsageDescription = "ILS needs to connect to the backend server on your local network.";
				INFOPLIST_KEY_UIApplicationSceneManifest_Generation = YES;
				INFOPLIST_KEY_UIApplicationSupportsIndirectInputEvents = YES;
				INFOPLIST_KEY_UILaunchScreen_Generation = YES;
				INFOPLIST_KEY_UISupportedInterfaceOrientations_iPad = "UIInterfaceOrientationPortrait UIInterfaceOrientationPortraitUpsideDown UIInterfaceOrientationLandscapeLeft UIInterfaceOrientationLandscapeRight";
				INFOPLIST_KEY_UISupportedInterfaceOrientations_iPhone = "UIInterfaceOrientationPortrait UIInterfaceOrientationLandscapeLeft UIInterfaceOrientationLandscapeRight";
				LD_RUNPATH_SEARCH_PATHS = (
					"$(inherited)",
					"@executable_path/Frameworks",
				);
				MARKETING_VERSION = 1.0;
				PRODUCT_BUNDLE_IDENTIFIER = com.ils.app;
				PRODUCT_NAME = "$(TARGET_NAME)";
				SWIFT_EMIT_LOC_STRINGS = YES;
				SWIFT_VERSION = 5.0;
				TARGETED_DEVICE_FAMILY = "1,2";
			};
			name = Release;
		};
		UITEST00000000000000CFG1 /* Debug */ = {
			isa = XCBuildConfiguration;
			buildSettings = {
				CODE_SIGN_STYLE = Automatic;
				CURRENT_PROJECT_VERSION = 1;
				DEVELOPMENT_TEAM = "";
				GENERATE_INFOPLIST_FILE = YES;
				IPHONEOS_DEPLOYMENT_TARGET = 17.0;
				LD_RUNPATH_SEARCH_PATHS = (
					"$(inherited)",
					"@executable_path/Frameworks",
					"@loader_path/Frameworks",
				);
				MARKETING_VERSION = 1.0;
				PRODUCT_BUNDLE_IDENTIFIER = com.ils.app.uitests;
				PRODUCT_NAME = "$(TARGET_NAME)";
				SWIFT_EMIT_LOC_STRINGS = NO;
				SWIFT_VERSION = 5.0;
				TARGETED_DEVICE_FAMILY = "1,2";
				TEST_TARGET_NAME = ILSApp;
			};
			name = Debug;
		};
		UITEST00000000000000CFG2 /* Release */ = {
			isa = XCBuildConfiguration;
			buildSettings = {
				CODE_SIGN_STYLE = Automatic;
				CURRENT_PROJECT_VERSION = 1;
				DEVELOPMENT_TEAM = "";
				GENERATE_INFOPLIST_FILE = YES;
				IPHONEOS_DEPLOYMENT_TARGET = 17.0;
				LD_RUNPATH_SEARCH_PATHS = (
					"$(inherited)",
					"@executable_path/Frameworks",
					"@loader_path/Frameworks",
				);
				MARKETING_VERSION = 1.0;
				PRODUCT_BUNDLE_IDENTIFIER = com.ils.app.uitests;
				PRODUCT_NAME = "$(TARGET_NAME)";
				SWIFT_EMIT_LOC_STRINGS = NO;
				SWIFT_VERSION = 5.0;
				TARGETED_DEVICE_FAMILY = "1,2";
				TEST_TARGET_NAME = ILSApp;
			};
			name = Release;
		};
/* End XCBuildConfiguration section */

/* Begin XCConfigurationList section */
		00000000000000000000000A /* Build configuration list for PBXProject "ILSApp" */ = {
			isa = XCConfigurationList;
			buildConfigurations = (
				000000000000000000000019 /* Debug */,
				00000000000000000000001A /* Release */,
			);
			defaultConfigurationIsVisible = 0;
			defaultConfigurationName = Release;
		};
		00000000000000000000001D /* Build configuration list for PBXNativeTarget "ILSApp" */ = {
			isa = XCConfigurationList;
			buildConfigurations = (
				00000000000000000000001B /* Debug */,
				00000000000000000000001C /* Release */,
			);
			defaultConfigurationIsVisible = 0;
			defaultConfigurationName = Release;
		};
		UITEST000000000000CFGLST /* Build configuration list for PBXNativeTarget "ILSAppUITests" */ = {
			isa = XCConfigurationList;
			buildConfigurations = (
				UITEST00000000000000CFG1 /* Debug */,
				UITEST00000000000000CFG2 /* Release */,
			);
			defaultConfigurationIsVisible = 0;
			defaultConfigurationName = Release;
		};
/* End XCConfigurationList section */

/* Begin XCLocalSwiftPackageReference section */
		0000000000000000000000A0 /* XCLocalSwiftPackageReference ".." */ = {
			isa = XCLocalSwiftPackageReference;
			relativePath = ..;
		};
/* End XCLocalSwiftPackageReference section */

/* Begin XCSwiftPackageProductDependency section */
		000000000000000000000090 /* ILSShared */ = {
			isa = XCSwiftPackageProductDependency;
			package = 0000000000000000000000A0 /* XCLocalSwiftPackageReference ".." */;
			productName = ILSShared;
		};
/* End XCSwiftPackageProductDependency section */
	};
	rootObject = 000000000000000000000008 /* Project object */;
}
